{
  "pins" : [
    {
      "identity" : "codescanner",
      "kind" : "remoteSourceControl",
      "location" : "https://github.com/twostraws/CodeScanner",
      "state" : {
        "revision" : "303bd5adbb61d068c3bcbb839857340c3e6ff8b0",
        "version" : "2.4.0"
      }
    },
    {
      "identity" : "stripe-ios-spm",
      "kind" : "remoteSourceControl",
      "location" : "https://github.com/stripe/stripe-ios-spm",
      "state" : {
        "revision" : "ebc7739836c555e8a435c67624b3af9cde58782e",
        "version" : "23.18.1"
      }
    }
  ],
  "version" : 2
}
