{
  "pins" : [
    {
      "identity" : "stripe-ios-spm",
      "kind" : "remoteSourceControl",
      "location" : "https://github.com/stripe/stripe-ios-spm",
      "state" : {
        "revision" : "ebc7739836c555e8a435c67624b3af9cde58782e",
        "version" : "23.18.1"
      }
    }
  ],
  "version" : 2
}
