{
  "originHash" : "ca4c06b51de421d5f9c03c4a8b389e825bc98c854f04f9d3fa2bf29a6fa3a457",
  "pins" : [
    {
      "identity" : "codescanner",
      "kind" : "remoteSourceControl",
      "location" : "https://github.com/twostraws/CodeScanner",
      "state" : {
        "revision" : "303bd5adbb61d068c3bcbb839857340c3e6ff8b0",
        "version" : "2.4.0"
      }
    },
    {
      "identity" : "stripe-ios-spm",
      "kind" : "remoteSourceControl",
      "location" : "https://github.com/stripe/stripe-ios-spm",
      "state" : {
        "revision" : "653fc8cfc40b33740401f9bd9faa8588f9a53e5f",
        "version" : "23.32.0"
      }
    }
  ],
  "version" : 3
}
