// !$*UTF8*$!
{
	archiveVersion = 1;
	classes = {
	};
	objectVersion = 56;
	objects = {

/* Begin PBXBuildFile section */
		5527A19C2B8CEB190027D134 /* JoinEventView.swift in Sources */ = {isa = PBXBuildFile; fileRef = 5527A19B2B8CEB190027D134 /* JoinEventView.swift */; };
		5527A19E2B8CEE840027D134 /* JoinEventViewModel.swift in Sources */ = {isa = PBXBuildFile; fileRef = 5527A19D2B8CEE840027D134 /* JoinEventViewModel.swift */; };
		5527A1A12B8D35BC0027D134 /* CodeScanner in Frameworks */ = {isa = PBXBuildFile; productRef = 5527A1A02B8D35BC0027D134 /* CodeScanner */; };
		5527A1D52B94DFE70027D134 /* EventDetailsView.swift in Sources */ = {isa = PBXBuildFile; fileRef = 5527A1D42B94DFE70027D134 /* EventDetailsView.swift */; };
		5527A1D72B94E3EF0027D134 /* ShareEventView.swift in Sources */ = {isa = PBXBuildFile; fileRef = 5527A1D62B94E3EF0027D134 /* ShareEventView.swift */; };
		552E85E32AD2E1FD006D5E86 /* MainMenu.swift in Sources */ = {isa = PBXBuildFile; fileRef = 552E85E22AD2E1FD006D5E86 /* MainMenu.swift */; };
		552E85E62AD2E605006D5E86 /* CustomColors.swift in Sources */ = {isa = PBXBuildFile; fileRef = 552E85E52AD2E605006D5E86 /* CustomColors.swift */; };
		552E85E92AD2E745006D5E86 /* BackgroundColor.swift in Sources */ = {isa = PBXBuildFile; fileRef = 552E85E82AD2E745006D5E86 /* BackgroundColor.swift */; };
		552E85EB2AD3EFF1006D5E86 /* EventListTile.swift in Sources */ = {isa = PBXBuildFile; fileRef = 552E85EA2AD3EFF1006D5E86 /* EventListTile.swift */; };
		552E85EE2AD3F78A006D5E86 /* SideMenu.swift in Sources */ = {isa = PBXBuildFile; fileRef = 552E85ED2AD3F78A006D5E86 /* SideMenu.swift */; };
		552E85F02AD3F85C006D5E86 /* MenuButtonType.swift in Sources */ = {isa = PBXBuildFile; fileRef = 552E85EF2AD3F85C006D5E86 /* MenuButtonType.swift */; };
		552E85F22AD3FA4D006D5E86 /* MenuButton.swift in Sources */ = {isa = PBXBuildFile; fileRef = 552E85F12AD3FA4D006D5E86 /* MenuButton.swift */; };
		552E85F42AD3FAC9006D5E86 /* SideMenuModifier.swift in Sources */ = {isa = PBXBuildFile; fileRef = 552E85F32AD3FAC9006D5E86 /* SideMenuModifier.swift */; };
		552E85F82AD43777006D5E86 /* EventList.swift in Sources */ = {isa = PBXBuildFile; fileRef = 552E85F72AD43776006D5E86 /* EventList.swift */; };
		552E85FA2AD4428C006D5E86 /* DJHomeView.swift in Sources */ = {isa = PBXBuildFile; fileRef = 552E85F92AD4428C006D5E86 /* DJHomeView.swift */; };
		552E85FF2AD45D05006D5E86 /* TabViewSelector.swift in Sources */ = {isa = PBXBuildFile; fileRef = 552E85FE2AD45D05006D5E86 /* TabViewSelector.swift */; };
		552E86032AD47336006D5E86 /* ProfileView.swift in Sources */ = {isa = PBXBuildFile; fileRef = 552E86022AD47336006D5E86 /* ProfileView.swift */; };
		552E86052AD476C9006D5E86 /* CircleButton.swift in Sources */ = {isa = PBXBuildFile; fileRef = 552E86042AD476C9006D5E86 /* CircleButton.swift */; };
		552E86072AD47BD9006D5E86 /* NavigationBarModifier.swift in Sources */ = {isa = PBXBuildFile; fileRef = 552E86062AD47BD9006D5E86 /* NavigationBarModifier.swift */; };
		552E860C2AD4878A006D5E86 /* Navigator.swift in Sources */ = {isa = PBXBuildFile; fileRef = 552E860B2AD4878A006D5E86 /* Navigator.swift */; };
		556628922AC80B0D00BF14D3 /* UserTypeEnum.swift in Sources */ = {isa = PBXBuildFile; fileRef = 556628912AC80B0D00BF14D3 /* UserTypeEnum.swift */; };
		5573DC592AE19DC50025751F /* EventData.swift in Sources */ = {isa = PBXBuildFile; fileRef = 5573DC582AE19DC50025751F /* EventData.swift */; };
		5573DC5C2AE1D36F0025751F /* EventControlView.swift in Sources */ = {isa = PBXBuildFile; fileRef = 5573DC5B2AE1D36F0025751F /* EventControlView.swift */; };
		5573DC5E2AE280BF0025751F /* ButtonType.swift in Sources */ = {isa = PBXBuildFile; fileRef = 5573DC5D2AE280BF0025751F /* ButtonType.swift */; };
		5573DC612AE2AAE50025751F /* InfoView.swift in Sources */ = {isa = PBXBuildFile; fileRef = 5573DC602AE2AAE50025751F /* InfoView.swift */; };
		5573DC632AE2ACCE0025751F /* SongList.swift in Sources */ = {isa = PBXBuildFile; fileRef = 5573DC622AE2ACCE0025751F /* SongList.swift */; };
		5573DC652AE2AF3B0025751F /* SongData.swift in Sources */ = {isa = PBXBuildFile; fileRef = 5573DC642AE2AF3B0025751F /* SongData.swift */; };
		5573DC672AE2B7F30025751F /* SongRow.swift in Sources */ = {isa = PBXBuildFile; fileRef = 5573DC662AE2B7F30025751F /* SongRow.swift */; };
		5573DC692AE2F2B30025751F /* MainMenuViewModel.swift in Sources */ = {isa = PBXBuildFile; fileRef = 5573DC682AE2F2B30025751F /* MainMenuViewModel.swift */; };
		5573DC6B2AE2F4AA0025751F /* LoadingOverlayViewModifier.swift in Sources */ = {isa = PBXBuildFile; fileRef = 5573DC6A2AE2F4AA0025751F /* LoadingOverlayViewModifier.swift */; };
		5573DC6D2AE2FFE20025751F /* EventControlViewModel.swift in Sources */ = {isa = PBXBuildFile; fileRef = 5573DC6C2AE2FFE20025751F /* EventControlViewModel.swift */; };
		5573DC6F2AE303520025751F /* SetThemeView.swift in Sources */ = {isa = PBXBuildFile; fileRef = 5573DC6E2AE303520025751F /* SetThemeView.swift */; };
		5573DC722AE30B090025751F /* SongDetalsView.swift in Sources */ = {isa = PBXBuildFile; fileRef = 5573DC712AE30B090025751F /* SongDetalsView.swift */; };
		5573DC742AE41CCC0025751F /* SelectEventView.swift in Sources */ = {isa = PBXBuildFile; fileRef = 5573DC732AE41CCC0025751F /* SelectEventView.swift */; };
		5573DC762AE423F10025751F /* UserEventView.swift in Sources */ = {isa = PBXBuildFile; fileRef = 5573DC752AE423F10025751F /* UserEventView.swift */; };
		5573DC782AE427800025751F /* RequestSongView.swift in Sources */ = {isa = PBXBuildFile; fileRef = 5573DC772AE427800025751F /* RequestSongView.swift */; };
		5573DC7A2AE42D750025751F /* CheckmarkButtonStyle.swift in Sources */ = {isa = PBXBuildFile; fileRef = 5573DC792AE42D750025751F /* CheckmarkButtonStyle.swift */; };
		5573DC7C2AE46AFC0025751F /* PriceSelectionView.swift in Sources */ = {isa = PBXBuildFile; fileRef = 5573DC7B2AE46AFC0025751F /* PriceSelectionView.swift */; };
		5573DC7E2AE542CB0025751F /* SongSelectionView.swift in Sources */ = {isa = PBXBuildFile; fileRef = 5573DC7D2AE542CB0025751F /* SongSelectionView.swift */; };
		5573DC802AE544300025751F /* SongSelectionViewModel.swift in Sources */ = {isa = PBXBuildFile; fileRef = 5573DC7F2AE544300025751F /* SongSelectionViewModel.swift */; };
		5573DC822AE54F410025751F /* SimpleSongRow.swift in Sources */ = {isa = PBXBuildFile; fileRef = 5573DC812AE54F410025751F /* SimpleSongRow.swift */; };
		5573DC842AE65D940025751F /* IncreasePriceView.swift in Sources */ = {isa = PBXBuildFile; fileRef = 5573DC832AE65D940025751F /* IncreasePriceView.swift */; };
		5573DC862AE6CA350025751F /* ErrorAlert.swift in Sources */ = {isa = PBXBuildFile; fileRef = 5573DC852AE6CA350025751F /* ErrorAlert.swift */; };
		5573DC882AE6CB9C0025751F /* Errors.swift in Sources */ = {isa = PBXBuildFile; fileRef = 5573DC872AE6CB9C0025751F /* Errors.swift */; };
		5573DC8B2AE7040B0025751F /* MapView.swift in Sources */ = {isa = PBXBuildFile; fileRef = 5573DC8A2AE7040B0025751F /* MapView.swift */; };
		5573DC8F2AE70D840025751F /* MapViewModel.swift in Sources */ = {isa = PBXBuildFile; fileRef = 5573DC8E2AE70D840025751F /* MapViewModel.swift */; };
		5573DC912AE71C380025751F /* EventAnnotation.swift in Sources */ = {isa = PBXBuildFile; fileRef = 5573DC902AE71C380025751F /* EventAnnotation.swift */; };
		5584D4082AC18D9700BC61F6 /* DJBuddyApp.swift in Sources */ = {isa = PBXBuildFile; fileRef = 5584D4072AC18D9700BC61F6 /* DJBuddyApp.swift */; };
		5584D40A2AC18D9700BC61F6 /* WavyBackgroundView.swift in Sources */ = {isa = PBXBuildFile; fileRef = 5584D4092AC18D9700BC61F6 /* WavyBackgroundView.swift */; };
		5584D40C2AC18D9900BC61F6 /* Assets.xcassets in Resources */ = {isa = PBXBuildFile; fileRef = 5584D40B2AC18D9900BC61F6 /* Assets.xcassets */; };
		5584D40F2AC18D9900BC61F6 /* Preview Assets.xcassets in Resources */ = {isa = PBXBuildFile; fileRef = 5584D40E2AC18D9900BC61F6 /* Preview Assets.xcassets */; };
		5584D4162AC1A64800BC61F6 /* LandingView.swift in Sources */ = {isa = PBXBuildFile; fileRef = 5584D4152AC1A64800BC61F6 /* LandingView.swift */; };
		5584D4182AC1ACCE00BC61F6 /* LargeProminentButtonStyle.swift in Sources */ = {isa = PBXBuildFile; fileRef = 5584D4172AC1ACCE00BC61F6 /* LargeProminentButtonStyle.swift */; };
		5584D41A2AC1AEB700BC61F6 /* LargeSecondaryButtonStyle.swift in Sources */ = {isa = PBXBuildFile; fileRef = 5584D4192AC1AEB700BC61F6 /* LargeSecondaryButtonStyle.swift */; };
		5584D4202AC1DA0B00BC61F6 /* UnderlinedButtonStyle.swift in Sources */ = {isa = PBXBuildFile; fileRef = 5584D41F2AC1DA0B00BC61F6 /* UnderlinedButtonStyle.swift */; };
		5584D4252AC2128800BC61F6 /* LandingPageEnum.swift in Sources */ = {isa = PBXBuildFile; fileRef = 5584D4242AC2128800BC61F6 /* LandingPageEnum.swift */; };
		5584D4272AC2132600BC61F6 /* AuthViewModel.swift in Sources */ = {isa = PBXBuildFile; fileRef = 5584D4262AC2132600BC61F6 /* AuthViewModel.swift */; };
		5584D42A2AC21B2D00BC61F6 /* InputView.swift in Sources */ = {isa = PBXBuildFile; fileRef = 5584D4292AC21B2D00BC61F6 /* InputView.swift */; };
		55A583952AE14FEF00438049 /* AddressResult.swift in Sources */ = {isa = PBXBuildFile; fileRef = 55A583942AE14FEF00438049 /* AddressResult.swift */; };
		55A5839B2AE1506800438049 /* AddressSelectionView.swift in Sources */ = {isa = PBXBuildFile; fileRef = 55A5839A2AE1506800438049 /* AddressSelectionView.swift */; };
		55A5839D2AE1507400438049 /* AddressSelectionViewModel.swift in Sources */ = {isa = PBXBuildFile; fileRef = 55A5839C2AE1507400438049 /* AddressSelectionViewModel.swift */; };
		55A5839F2AE150F400438049 /* MapSelectionViewModel.swift in Sources */ = {isa = PBXBuildFile; fileRef = 55A5839E2AE150F400438049 /* MapSelectionViewModel.swift */; };
		55A583A12AE1526100438049 /* ClearButton.swift in Sources */ = {isa = PBXBuildFile; fileRef = 55A583A02AE1526100438049 /* ClearButton.swift */; };
		55A583A32AE152DE00438049 /* AddressRow.swift in Sources */ = {isa = PBXBuildFile; fileRef = 55A583A22AE152DE00438049 /* AddressRow.swift */; };
		55A583A52AE1531E00438049 /* MapSelectionView.swift in Sources */ = {isa = PBXBuildFile; fileRef = 55A583A42AE1531E00438049 /* MapSelectionView.swift */; };
		55A583A72AE15D2500438049 /* CreateEventView.swift in Sources */ = {isa = PBXBuildFile; fileRef = 55A583A62AE15D2500438049 /* CreateEventView.swift */; };
		55A583A92AE1704900438049 /* CreateEventViewModel.swift in Sources */ = {isa = PBXBuildFile; fileRef = 55A583A82AE1704900438049 /* CreateEventViewModel.swift */; };
		55A583AB2AE18C6600438049 /* UserHomeView.swift in Sources */ = {isa = PBXBuildFile; fileRef = 55A583AA2AE18C6600438049 /* UserHomeView.swift */; };
		55A583AD2AE1937A00438049 /* UserData.swift in Sources */ = {isa = PBXBuildFile; fileRef = 55A583AC2AE1937A00438049 /* UserData.swift */; };
		55AAC7822AED91F3009414F0 /* StateManager.swift in Sources */ = {isa = PBXBuildFile; fileRef = 55AAC7812AED91F3009414F0 /* StateManager.swift */; };
		55AAC7842AED9957009414F0 /* API.swift in Sources */ = {isa = PBXBuildFile; fileRef = 55AAC7832AED9957009414F0 /* API.swift */; };
		55FB42D82AF43A8A00ED9197 /* Stripe in Frameworks */ = {isa = PBXBuildFile; productRef = 55FB42D72AF43A8A00ED9197 /* Stripe */; };
		55FB42DA2AF43A8A00ED9197 /* StripeApplePay in Frameworks */ = {isa = PBXBuildFile; productRef = 55FB42D92AF43A8A00ED9197 /* StripeApplePay */; };
		55FB42DC2AF43A8A00ED9197 /* StripeCardScan in Frameworks */ = {isa = PBXBuildFile; productRef = 55FB42DB2AF43A8A00ED9197 /* StripeCardScan */; };
		55FB42DE2AF43A8A00ED9197 /* StripeFinancialConnections in Frameworks */ = {isa = PBXBuildFile; productRef = 55FB42DD2AF43A8A00ED9197 /* StripeFinancialConnections */; };
		55FB42E02AF43A8A00ED9197 /* StripeIdentity in Frameworks */ = {isa = PBXBuildFile; productRef = 55FB42DF2AF43A8A00ED9197 /* StripeIdentity */; };
		55FB42E32AF5597600ED9197 /* StripePaymentSheet in Frameworks */ = {isa = PBXBuildFile; productRef = 55FB42E22AF5597600ED9197 /* StripePaymentSheet */; };
		55FB42E52AF57D0800ED9197 /* PaymentResponse.swift in Sources */ = {isa = PBXBuildFile; fileRef = 55FB42E42AF57D0800ED9197 /* PaymentResponse.swift */; };
		55FB42E72AF6A52100ED9197 /* StripePaymentHelper.swift in Sources */ = {isa = PBXBuildFile; fileRef = 55FB42E62AF6A52100ED9197 /* StripePaymentHelper.swift */; };
		55FB42EA2AF6A5F900ED9197 /* BalanceTopUpView.swift in Sources */ = {isa = PBXBuildFile; fileRef = 55FB42E92AF6A5F900ED9197 /* BalanceTopUpView.swift */; };
		55FB42EC2AF7F66C00ED9197 /* PhotoPickerView.swift in Sources */ = {isa = PBXBuildFile; fileRef = 55FB42EB2AF7F66C00ED9197 /* PhotoPickerView.swift */; };
		55FB42EE2AF7FDE500ED9197 /* PhotoPickerViewModel.swift in Sources */ = {isa = PBXBuildFile; fileRef = 55FB42ED2AF7FDE500ED9197 /* PhotoPickerViewModel.swift */; };
/* End PBXBuildFile section */

/* Begin PBXFileReference section */
		5527A19B2B8CEB190027D134 /* JoinEventView.swift */ = {isa = PBXFileReference; lastKnownFileType = sourcecode.swift; path = JoinEventView.swift; sourceTree = "<group>"; };
		5527A19D2B8CEE840027D134 /* JoinEventViewModel.swift */ = {isa = PBXFileReference; lastKnownFileType = sourcecode.swift; path = JoinEventViewModel.swift; sourceTree = "<group>"; };
		5527A1D42B94DFE70027D134 /* EventDetailsView.swift */ = {isa = PBXFileReference; lastKnownFileType = sourcecode.swift; path = EventDetailsView.swift; sourceTree = "<group>"; };
		5527A1D62B94E3EF0027D134 /* ShareEventView.swift */ = {isa = PBXFileReference; lastKnownFileType = sourcecode.swift; path = ShareEventView.swift; sourceTree = "<group>"; };
		552E85E22AD2E1FD006D5E86 /* MainMenu.swift */ = {isa = PBXFileReference; lastKnownFileType = sourcecode.swift; path = MainMenu.swift; sourceTree = "<group>"; };
		552E85E52AD2E605006D5E86 /* CustomColors.swift */ = {isa = PBXFileReference; lastKnownFileType = sourcecode.swift; path = CustomColors.swift; sourceTree = "<group>"; };
		552E85E82AD2E745006D5E86 /* BackgroundColor.swift */ = {isa = PBXFileReference; lastKnownFileType = sourcecode.swift; path = BackgroundColor.swift; sourceTree = "<group>"; };
		552E85EA2AD3EFF1006D5E86 /* EventListTile.swift */ = {isa = PBXFileReference; lastKnownFileType = sourcecode.swift; path = EventListTile.swift; sourceTree = "<group>"; };
		552E85ED2AD3F78A006D5E86 /* SideMenu.swift */ = {isa = PBXFileReference; lastKnownFileType = sourcecode.swift; path = SideMenu.swift; sourceTree = "<group>"; };
		552E85EF2AD3F85C006D5E86 /* MenuButtonType.swift */ = {isa = PBXFileReference; lastKnownFileType = sourcecode.swift; path = MenuButtonType.swift; sourceTree = "<group>"; };
		552E85F12AD3FA4D006D5E86 /* MenuButton.swift */ = {isa = PBXFileReference; lastKnownFileType = sourcecode.swift; path = MenuButton.swift; sourceTree = "<group>"; };
		552E85F32AD3FAC9006D5E86 /* SideMenuModifier.swift */ = {isa = PBXFileReference; lastKnownFileType = sourcecode.swift; path = SideMenuModifier.swift; sourceTree = "<group>"; };
		552E85F72AD43776006D5E86 /* EventList.swift */ = {isa = PBXFileReference; lastKnownFileType = sourcecode.swift; path = EventList.swift; sourceTree = "<group>"; };
		552E85F92AD4428C006D5E86 /* DJHomeView.swift */ = {isa = PBXFileReference; lastKnownFileType = sourcecode.swift; path = DJHomeView.swift; sourceTree = "<group>"; };
		552E85FE2AD45D05006D5E86 /* TabViewSelector.swift */ = {isa = PBXFileReference; lastKnownFileType = sourcecode.swift; path = TabViewSelector.swift; sourceTree = "<group>"; };
		552E86022AD47336006D5E86 /* ProfileView.swift */ = {isa = PBXFileReference; lastKnownFileType = sourcecode.swift; path = ProfileView.swift; sourceTree = "<group>"; };
		552E86042AD476C9006D5E86 /* CircleButton.swift */ = {isa = PBXFileReference; lastKnownFileType = sourcecode.swift; path = CircleButton.swift; sourceTree = "<group>"; };
		552E86062AD47BD9006D5E86 /* NavigationBarModifier.swift */ = {isa = PBXFileReference; lastKnownFileType = sourcecode.swift; path = NavigationBarModifier.swift; sourceTree = "<group>"; };
		552E860B2AD4878A006D5E86 /* Navigator.swift */ = {isa = PBXFileReference; lastKnownFileType = sourcecode.swift; path = Navigator.swift; sourceTree = "<group>"; };
		556628912AC80B0D00BF14D3 /* UserTypeEnum.swift */ = {isa = PBXFileReference; lastKnownFileType = sourcecode.swift; path = UserTypeEnum.swift; sourceTree = "<group>"; };
		5573DC582AE19DC50025751F /* EventData.swift */ = {isa = PBXFileReference; lastKnownFileType = sourcecode.swift; path = EventData.swift; sourceTree = "<group>"; };
		5573DC5B2AE1D36F0025751F /* EventControlView.swift */ = {isa = PBXFileReference; lastKnownFileType = sourcecode.swift; path = EventControlView.swift; sourceTree = "<group>"; };
		5573DC5D2AE280BF0025751F /* ButtonType.swift */ = {isa = PBXFileReference; lastKnownFileType = sourcecode.swift; path = ButtonType.swift; sourceTree = "<group>"; };
		5573DC602AE2AAE50025751F /* InfoView.swift */ = {isa = PBXFileReference; lastKnownFileType = sourcecode.swift; path = InfoView.swift; sourceTree = "<group>"; };
		5573DC622AE2ACCE0025751F /* SongList.swift */ = {isa = PBXFileReference; lastKnownFileType = sourcecode.swift; path = SongList.swift; sourceTree = "<group>"; };
		5573DC642AE2AF3B0025751F /* SongData.swift */ = {isa = PBXFileReference; lastKnownFileType = sourcecode.swift; path = SongData.swift; sourceTree = "<group>"; };
		5573DC662AE2B7F30025751F /* SongRow.swift */ = {isa = PBXFileReference; lastKnownFileType = sourcecode.swift; path = SongRow.swift; sourceTree = "<group>"; };
		5573DC682AE2F2B30025751F /* MainMenuViewModel.swift */ = {isa = PBXFileReference; lastKnownFileType = sourcecode.swift; path = MainMenuViewModel.swift; sourceTree = "<group>"; };
		5573DC6A2AE2F4AA0025751F /* LoadingOverlayViewModifier.swift */ = {isa = PBXFileReference; lastKnownFileType = sourcecode.swift; path = LoadingOverlayViewModifier.swift; sourceTree = "<group>"; };
		5573DC6C2AE2FFE20025751F /* EventControlViewModel.swift */ = {isa = PBXFileReference; lastKnownFileType = sourcecode.swift; path = EventControlViewModel.swift; sourceTree = "<group>"; };
		5573DC6E2AE303520025751F /* SetThemeView.swift */ = {isa = PBXFileReference; lastKnownFileType = sourcecode.swift; path = SetThemeView.swift; sourceTree = "<group>"; };
		5573DC712AE30B090025751F /* SongDetalsView.swift */ = {isa = PBXFileReference; lastKnownFileType = sourcecode.swift; path = SongDetalsView.swift; sourceTree = "<group>"; };
		5573DC732AE41CCC0025751F /* SelectEventView.swift */ = {isa = PBXFileReference; lastKnownFileType = sourcecode.swift; path = SelectEventView.swift; sourceTree = "<group>"; };
		5573DC752AE423F10025751F /* UserEventView.swift */ = {isa = PBXFileReference; lastKnownFileType = sourcecode.swift; path = UserEventView.swift; sourceTree = "<group>"; };
		5573DC772AE427800025751F /* RequestSongView.swift */ = {isa = PBXFileReference; lastKnownFileType = sourcecode.swift; path = RequestSongView.swift; sourceTree = "<group>"; };
		5573DC792AE42D750025751F /* CheckmarkButtonStyle.swift */ = {isa = PBXFileReference; lastKnownFileType = sourcecode.swift; path = CheckmarkButtonStyle.swift; sourceTree = "<group>"; };
		5573DC7B2AE46AFC0025751F /* PriceSelectionView.swift */ = {isa = PBXFileReference; lastKnownFileType = sourcecode.swift; path = PriceSelectionView.swift; sourceTree = "<group>"; };
		5573DC7D2AE542CB0025751F /* SongSelectionView.swift */ = {isa = PBXFileReference; lastKnownFileType = sourcecode.swift; path = SongSelectionView.swift; sourceTree = "<group>"; };
		5573DC7F2AE544300025751F /* SongSelectionViewModel.swift */ = {isa = PBXFileReference; lastKnownFileType = sourcecode.swift; path = SongSelectionViewModel.swift; sourceTree = "<group>"; };
		5573DC812AE54F410025751F /* SimpleSongRow.swift */ = {isa = PBXFileReference; lastKnownFileType = sourcecode.swift; path = SimpleSongRow.swift; sourceTree = "<group>"; };
		5573DC832AE65D940025751F /* IncreasePriceView.swift */ = {isa = PBXFileReference; lastKnownFileType = sourcecode.swift; path = IncreasePriceView.swift; sourceTree = "<group>"; };
		5573DC852AE6CA350025751F /* ErrorAlert.swift */ = {isa = PBXFileReference; lastKnownFileType = sourcecode.swift; path = ErrorAlert.swift; sourceTree = "<group>"; };
		5573DC872AE6CB9C0025751F /* Errors.swift */ = {isa = PBXFileReference; lastKnownFileType = sourcecode.swift; path = Errors.swift; sourceTree = "<group>"; };
		5573DC8A2AE7040B0025751F /* MapView.swift */ = {isa = PBXFileReference; lastKnownFileType = sourcecode.swift; path = MapView.swift; sourceTree = "<group>"; };
		5573DC8E2AE70D840025751F /* MapViewModel.swift */ = {isa = PBXFileReference; lastKnownFileType = sourcecode.swift; path = MapViewModel.swift; sourceTree = "<group>"; };
		5573DC902AE71C380025751F /* EventAnnotation.swift */ = {isa = PBXFileReference; lastKnownFileType = sourcecode.swift; path = EventAnnotation.swift; sourceTree = "<group>"; };
		5584D4042AC18D9700BC61F6 /* DJBuddy.app */ = {isa = PBXFileReference; explicitFileType = wrapper.application; includeInIndex = 0; path = DJBuddy.app; sourceTree = BUILT_PRODUCTS_DIR; };
		5584D4072AC18D9700BC61F6 /* DJBuddyApp.swift */ = {isa = PBXFileReference; lastKnownFileType = sourcecode.swift; path = DJBuddyApp.swift; sourceTree = "<group>"; };
		5584D4092AC18D9700BC61F6 /* WavyBackgroundView.swift */ = {isa = PBXFileReference; lastKnownFileType = sourcecode.swift; path = WavyBackgroundView.swift; sourceTree = "<group>"; };
		5584D40B2AC18D9900BC61F6 /* Assets.xcassets */ = {isa = PBXFileReference; lastKnownFileType = folder.assetcatalog; path = Assets.xcassets; sourceTree = "<group>"; };
		5584D40E2AC18D9900BC61F6 /* Preview Assets.xcassets */ = {isa = PBXFileReference; lastKnownFileType = folder.assetcatalog; path = "Preview Assets.xcassets"; sourceTree = "<group>"; };
		5584D4152AC1A64800BC61F6 /* LandingView.swift */ = {isa = PBXFileReference; lastKnownFileType = sourcecode.swift; path = LandingView.swift; sourceTree = "<group>"; };
		5584D4172AC1ACCE00BC61F6 /* LargeProminentButtonStyle.swift */ = {isa = PBXFileReference; lastKnownFileType = sourcecode.swift; path = LargeProminentButtonStyle.swift; sourceTree = "<group>"; };
		5584D4192AC1AEB700BC61F6 /* LargeSecondaryButtonStyle.swift */ = {isa = PBXFileReference; lastKnownFileType = sourcecode.swift; path = LargeSecondaryButtonStyle.swift; sourceTree = "<group>"; };
		5584D41F2AC1DA0B00BC61F6 /* UnderlinedButtonStyle.swift */ = {isa = PBXFileReference; lastKnownFileType = sourcecode.swift; path = UnderlinedButtonStyle.swift; sourceTree = "<group>"; };
		5584D4242AC2128800BC61F6 /* LandingPageEnum.swift */ = {isa = PBXFileReference; lastKnownFileType = sourcecode.swift; path = LandingPageEnum.swift; sourceTree = "<group>"; };
		5584D4262AC2132600BC61F6 /* AuthViewModel.swift */ = {isa = PBXFileReference; lastKnownFileType = sourcecode.swift; path = AuthViewModel.swift; sourceTree = "<group>"; };
		5584D4292AC21B2D00BC61F6 /* InputView.swift */ = {isa = PBXFileReference; lastKnownFileType = sourcecode.swift; path = InputView.swift; sourceTree = "<group>"; };
		55A583942AE14FEF00438049 /* AddressResult.swift */ = {isa = PBXFileReference; lastKnownFileType = sourcecode.swift; path = AddressResult.swift; sourceTree = "<group>"; };
		55A5839A2AE1506800438049 /* AddressSelectionView.swift */ = {isa = PBXFileReference; lastKnownFileType = sourcecode.swift; path = AddressSelectionView.swift; sourceTree = "<group>"; };
		55A5839C2AE1507400438049 /* AddressSelectionViewModel.swift */ = {isa = PBXFileReference; lastKnownFileType = sourcecode.swift; path = AddressSelectionViewModel.swift; sourceTree = "<group>"; };
		55A5839E2AE150F400438049 /* MapSelectionViewModel.swift */ = {isa = PBXFileReference; lastKnownFileType = sourcecode.swift; path = MapSelectionViewModel.swift; sourceTree = "<group>"; };
		55A583A02AE1526100438049 /* ClearButton.swift */ = {isa = PBXFileReference; lastKnownFileType = sourcecode.swift; path = ClearButton.swift; sourceTree = "<group>"; };
		55A583A22AE152DE00438049 /* AddressRow.swift */ = {isa = PBXFileReference; lastKnownFileType = sourcecode.swift; path = AddressRow.swift; sourceTree = "<group>"; };
		55A583A42AE1531E00438049 /* MapSelectionView.swift */ = {isa = PBXFileReference; lastKnownFileType = sourcecode.swift; path = MapSelectionView.swift; sourceTree = "<group>"; };
		55A583A62AE15D2500438049 /* CreateEventView.swift */ = {isa = PBXFileReference; lastKnownFileType = sourcecode.swift; path = CreateEventView.swift; sourceTree = "<group>"; };
		55A583A82AE1704900438049 /* CreateEventViewModel.swift */ = {isa = PBXFileReference; lastKnownFileType = sourcecode.swift; path = CreateEventViewModel.swift; sourceTree = "<group>"; };
		55A583AA2AE18C6600438049 /* UserHomeView.swift */ = {isa = PBXFileReference; lastKnownFileType = sourcecode.swift; path = UserHomeView.swift; sourceTree = "<group>"; };
		55A583AC2AE1937A00438049 /* UserData.swift */ = {isa = PBXFileReference; lastKnownFileType = sourcecode.swift; path = UserData.swift; sourceTree = "<group>"; };
		55AAC7812AED91F3009414F0 /* StateManager.swift */ = {isa = PBXFileReference; lastKnownFileType = sourcecode.swift; path = StateManager.swift; sourceTree = "<group>"; };
		55AAC7832AED9957009414F0 /* API.swift */ = {isa = PBXFileReference; lastKnownFileType = sourcecode.swift; path = API.swift; sourceTree = "<group>"; };
		55FB42E42AF57D0800ED9197 /* PaymentResponse.swift */ = {isa = PBXFileReference; lastKnownFileType = sourcecode.swift; path = PaymentResponse.swift; sourceTree = "<group>"; };
		55FB42E62AF6A52100ED9197 /* StripePaymentHelper.swift */ = {isa = PBXFileReference; lastKnownFileType = sourcecode.swift; path = StripePaymentHelper.swift; sourceTree = "<group>"; };
		55FB42E92AF6A5F900ED9197 /* BalanceTopUpView.swift */ = {isa = PBXFileReference; lastKnownFileType = sourcecode.swift; path = BalanceTopUpView.swift; sourceTree = "<group>"; };
		55FB42EB2AF7F66C00ED9197 /* PhotoPickerView.swift */ = {isa = PBXFileReference; lastKnownFileType = sourcecode.swift; path = PhotoPickerView.swift; sourceTree = "<group>"; };
		55FB42ED2AF7FDE500ED9197 /* PhotoPickerViewModel.swift */ = {isa = PBXFileReference; lastKnownFileType = sourcecode.swift; path = PhotoPickerViewModel.swift; sourceTree = "<group>"; };
/* End PBXFileReference section */

/* Begin PBXFrameworksBuildPhase section */
		5584D4012AC18D9700BC61F6 /* Frameworks */ = {
			isa = PBXFrameworksBuildPhase;
			buildActionMask = 2147483647;
			files = (
				55FB42DC2AF43A8A00ED9197 /* StripeCardScan in Frameworks */,
				55FB42DE2AF43A8A00ED9197 /* StripeFinancialConnections in Frameworks */,
				55FB42E02AF43A8A00ED9197 /* StripeIdentity in Frameworks */,
				55FB42D82AF43A8A00ED9197 /* Stripe in Frameworks */,
				55FB42E32AF5597600ED9197 /* StripePaymentSheet in Frameworks */,
				5527A1A12B8D35BC0027D134 /* CodeScanner in Frameworks */,
				55FB42DA2AF43A8A00ED9197 /* StripeApplePay in Frameworks */,
			);
			runOnlyForDeploymentPostprocessing = 0;
		};
/* End PBXFrameworksBuildPhase section */

/* Begin PBXGroup section */
		5527A19A2B8CEB010027D134 /* Event */ = {
			isa = PBXGroup;
			children = (
				5527A1D32B94DFD00027D134 /* Event Details */,
				5527A1D22B94DFC30027D134 /* Join Event */,
				55A583992AE1504E00438049 /* Event creation */,
				5573DC5A2AE1D32A0025751F /* Event controls */,
			);
			path = Event;
			sourceTree = "<group>";
		};
		5527A1D22B94DFC30027D134 /* Join Event */ = {
			isa = PBXGroup;
			children = (
				5527A19B2B8CEB190027D134 /* JoinEventView.swift */,
				5527A19D2B8CEE840027D134 /* JoinEventViewModel.swift */,
			);
			path = "Join Event";
			sourceTree = "<group>";
		};
		5527A1D32B94DFD00027D134 /* Event Details */ = {
			isa = PBXGroup;
			children = (
				5527A1D42B94DFE70027D134 /* EventDetailsView.swift */,
				5527A1D62B94E3EF0027D134 /* ShareEventView.swift */,
			);
			path = "Event Details";
			sourceTree = "<group>";
		};
		552E85E12AD2DA3B006D5E86 /* Main menu */ = {
			isa = PBXGroup;
			children = (
				552E85E22AD2E1FD006D5E86 /* MainMenu.swift */,
				5573DC682AE2F2B30025751F /* MainMenuViewModel.swift */,
			);
			path = "Main menu";
			sourceTree = "<group>";
		};
		552E85E42AD2E5F1006D5E86 /* Color */ = {
			isa = PBXGroup;
			children = (
				552E85E52AD2E605006D5E86 /* CustomColors.swift */,
			);
			path = Color;
			sourceTree = "<group>";
		};
		552E85E72AD2E737006D5E86 /* ViewModifiers */ = {
			isa = PBXGroup;
			children = (
				552E85E82AD2E745006D5E86 /* BackgroundColor.swift */,
				552E85F32AD3FAC9006D5E86 /* SideMenuModifier.swift */,
				552E86062AD47BD9006D5E86 /* NavigationBarModifier.swift */,
				5573DC6A2AE2F4AA0025751F /* LoadingOverlayViewModifier.swift */,
				5573DC852AE6CA350025751F /* ErrorAlert.swift */,
			);
			path = ViewModifiers;
			sourceTree = "<group>";
		};
		552E85FD2AD45CF1006D5E86 /* TabView */ = {
			isa = PBXGroup;
			children = (
				552E85FE2AD45D05006D5E86 /* TabViewSelector.swift */,
			);
			path = TabView;
			sourceTree = "<group>";
		};
		552E86002AD472CC006D5E86 /* Screens */ = {
			isa = PBXGroup;
			children = (
				5527A19A2B8CEB010027D134 /* Event */,
				55FB42E82AF6A5DE00ED9197 /* Profile */,
				5584D41C2AC1CB6800BC61F6 /* AuthScreens */,
				5573DC892AE703FC0025751F /* Map */,
				5573DC702AE30AF90025751F /* Songs */,
				552E86012AD47307006D5E86 /* Home */,
				552E85E12AD2DA3B006D5E86 /* Main menu */,
				55AAC7812AED91F3009414F0 /* StateManager.swift */,
			);
			path = Screens;
			sourceTree = "<group>";
		};
		552E86012AD47307006D5E86 /* Home */ = {
			isa = PBXGroup;
			children = (
				552E85F92AD4428C006D5E86 /* DJHomeView.swift */,
				55A583AA2AE18C6600438049 /* UserHomeView.swift */,
			);
			path = Home;
			sourceTree = "<group>";
		};
		552E860A2AD4877B006D5E86 /* Helpers */ = {
			isa = PBXGroup;
			children = (
				552E860B2AD4878A006D5E86 /* Navigator.swift */,
				5573DC872AE6CB9C0025751F /* Errors.swift */,
				55AAC7832AED9957009414F0 /* API.swift */,
				55FB42E62AF6A52100ED9197 /* StripePaymentHelper.swift */,
			);
			path = Helpers;
			sourceTree = "<group>";
		};
		5573DC5A2AE1D32A0025751F /* Event controls */ = {
			isa = PBXGroup;
			children = (
				5573DC5B2AE1D36F0025751F /* EventControlView.swift */,
				5573DC6C2AE2FFE20025751F /* EventControlViewModel.swift */,
				5573DC6E2AE303520025751F /* SetThemeView.swift */,
				5573DC732AE41CCC0025751F /* SelectEventView.swift */,
				5573DC752AE423F10025751F /* UserEventView.swift */,
			);
			path = "Event controls";
			sourceTree = "<group>";
		};
		5573DC702AE30AF90025751F /* Songs */ = {
			isa = PBXGroup;
			children = (
				5573DC712AE30B090025751F /* SongDetalsView.swift */,
				5573DC772AE427800025751F /* RequestSongView.swift */,
				5573DC7B2AE46AFC0025751F /* PriceSelectionView.swift */,
				5573DC7D2AE542CB0025751F /* SongSelectionView.swift */,
				5573DC7F2AE544300025751F /* SongSelectionViewModel.swift */,
				5573DC832AE65D940025751F /* IncreasePriceView.swift */,
			);
			path = Songs;
			sourceTree = "<group>";
		};
		5573DC892AE703FC0025751F /* Map */ = {
			isa = PBXGroup;
			children = (
				5573DC8A2AE7040B0025751F /* MapView.swift */,
				5573DC8E2AE70D840025751F /* MapViewModel.swift */,
			);
			path = Map;
			sourceTree = "<group>";
		};
		5584D3FB2AC18D9700BC61F6 = {
			isa = PBXGroup;
			children = (
				5584D4062AC18D9700BC61F6 /* DJBuddy */,
				5584D4052AC18D9700BC61F6 /* Products */,
				55FB42E12AF5597600ED9197 /* Frameworks */,
			);
			sourceTree = "<group>";
		};
		5584D4052AC18D9700BC61F6 /* Products */ = {
			isa = PBXGroup;
			children = (
				5584D4042AC18D9700BC61F6 /* DJBuddy.app */,
			);
			name = Products;
			sourceTree = "<group>";
		};
		5584D4062AC18D9700BC61F6 /* DJBuddy */ = {
			isa = PBXGroup;
			children = (
				552E860A2AD4877B006D5E86 /* Helpers */,
				552E86002AD472CC006D5E86 /* Screens */,
				552E85E72AD2E737006D5E86 /* ViewModifiers */,
				552E85E42AD2E5F1006D5E86 /* Color */,
				5584D4282AC21B1B00BC61F6 /* Views */,
				5584D4232AC2127400BC61F6 /* Models */,
				5584D41B2AC1CB5600BC61F6 /* ButtonStyles */,
				5584D4072AC18D9700BC61F6 /* DJBuddyApp.swift */,
				5584D40B2AC18D9900BC61F6 /* Assets.xcassets */,
				5584D40D2AC18D9900BC61F6 /* Preview Content */,
			);
			path = DJBuddy;
			sourceTree = "<group>";
		};
		5584D40D2AC18D9900BC61F6 /* Preview Content */ = {
			isa = PBXGroup;
			children = (
				5584D40E2AC18D9900BC61F6 /* Preview Assets.xcassets */,
			);
			path = "Preview Content";
			sourceTree = "<group>";
		};
		5584D41B2AC1CB5600BC61F6 /* ButtonStyles */ = {
			isa = PBXGroup;
			children = (
				5584D4172AC1ACCE00BC61F6 /* LargeProminentButtonStyle.swift */,
				5584D4192AC1AEB700BC61F6 /* LargeSecondaryButtonStyle.swift */,
				5584D41F2AC1DA0B00BC61F6 /* UnderlinedButtonStyle.swift */,
				5573DC792AE42D750025751F /* CheckmarkButtonStyle.swift */,
			);
			path = ButtonStyles;
			sourceTree = "<group>";
		};
		5584D41C2AC1CB6800BC61F6 /* AuthScreens */ = {
			isa = PBXGroup;
			children = (
				5584D4092AC18D9700BC61F6 /* WavyBackgroundView.swift */,
				5584D4152AC1A64800BC61F6 /* LandingView.swift */,
				5584D4262AC2132600BC61F6 /* AuthViewModel.swift */,
			);
			path = AuthScreens;
			sourceTree = "<group>";
		};
		5584D4232AC2127400BC61F6 /* Models */ = {
			isa = PBXGroup;
			children = (
				55A583932AE14FDB00438049 /* Map */,
				5584D4242AC2128800BC61F6 /* LandingPageEnum.swift */,
				556628912AC80B0D00BF14D3 /* UserTypeEnum.swift */,
				552E85EF2AD3F85C006D5E86 /* MenuButtonType.swift */,
				55A583AC2AE1937A00438049 /* UserData.swift */,
				5573DC582AE19DC50025751F /* EventData.swift */,
				5573DC5D2AE280BF0025751F /* ButtonType.swift */,
				5573DC642AE2AF3B0025751F /* SongData.swift */,
				55FB42E42AF57D0800ED9197 /* PaymentResponse.swift */,
			);
			path = Models;
			sourceTree = "<group>";
		};
		5584D4282AC21B1B00BC61F6 /* Views */ = {
			isa = PBXGroup;
			children = (
				552E85FD2AD45CF1006D5E86 /* TabView */,
				5584D4292AC21B2D00BC61F6 /* InputView.swift */,
				552E85EA2AD3EFF1006D5E86 /* EventListTile.swift */,
				552E85ED2AD3F78A006D5E86 /* SideMenu.swift */,
				552E85F12AD3FA4D006D5E86 /* MenuButton.swift */,
				552E85F72AD43776006D5E86 /* EventList.swift */,
				5573DC622AE2ACCE0025751F /* SongList.swift */,
				552E86042AD476C9006D5E86 /* CircleButton.swift */,
				55A583A02AE1526100438049 /* ClearButton.swift */,
				55A583A22AE152DE00438049 /* AddressRow.swift */,
				5573DC602AE2AAE50025751F /* InfoView.swift */,
				5573DC662AE2B7F30025751F /* SongRow.swift */,
				5573DC812AE54F410025751F /* SimpleSongRow.swift */,
				5573DC902AE71C380025751F /* EventAnnotation.swift */,
			);
			path = Views;
			sourceTree = "<group>";
		};
		55A583932AE14FDB00438049 /* Map */ = {
			isa = PBXGroup;
			children = (
				55A583942AE14FEF00438049 /* AddressResult.swift */,
			);
			path = Map;
			sourceTree = "<group>";
		};
		55A583992AE1504E00438049 /* Event creation */ = {
			isa = PBXGroup;
			children = (
				55A5839A2AE1506800438049 /* AddressSelectionView.swift */,
				55A5839C2AE1507400438049 /* AddressSelectionViewModel.swift */,
				55A5839E2AE150F400438049 /* MapSelectionViewModel.swift */,
				55A583A42AE1531E00438049 /* MapSelectionView.swift */,
				55A583A62AE15D2500438049 /* CreateEventView.swift */,
				55A583A82AE1704900438049 /* CreateEventViewModel.swift */,
			);
			path = "Event creation";
			sourceTree = "<group>";
		};
		55FB42E12AF5597600ED9197 /* Frameworks */ = {
			isa = PBXGroup;
			children = (
			);
			name = Frameworks;
			sourceTree = "<group>";
		};
		55FB42E82AF6A5DE00ED9197 /* Profile */ = {
			isa = PBXGroup;
			children = (
				552E86022AD47336006D5E86 /* ProfileView.swift */,
				55FB42E92AF6A5F900ED9197 /* BalanceTopUpView.swift */,
				55FB42EB2AF7F66C00ED9197 /* PhotoPickerView.swift */,
				55FB42ED2AF7FDE500ED9197 /* PhotoPickerViewModel.swift */,
			);
			path = Profile;
			sourceTree = "<group>";
		};
/* End PBXGroup section */

/* Begin PBXNativeTarget section */
		5584D4032AC18D9700BC61F6 /* DJBuddy */ = {
			isa = PBXNativeTarget;
			buildConfigurationList = 5584D4122AC18D9900BC61F6 /* Build configuration list for PBXNativeTarget "DJBuddy" */;
			buildPhases = (
				5584D4002AC18D9700BC61F6 /* Sources */,
				5584D4012AC18D9700BC61F6 /* Frameworks */,
				5584D4022AC18D9700BC61F6 /* Resources */,
			);
			buildRules = (
			);
			dependencies = (
			);
			name = DJBuddy;
			packageProductDependencies = (
				55FB42D72AF43A8A00ED9197 /* Stripe */,
				55FB42D92AF43A8A00ED9197 /* StripeApplePay */,
				55FB42DB2AF43A8A00ED9197 /* StripeCardScan */,
				55FB42DD2AF43A8A00ED9197 /* StripeFinancialConnections */,
				55FB42DF2AF43A8A00ED9197 /* StripeIdentity */,
				55FB42E22AF5597600ED9197 /* StripePaymentSheet */,
				5527A1A02B8D35BC0027D134 /* CodeScanner */,
			);
			productName = DJBuddy;
			productReference = 5584D4042AC18D9700BC61F6 /* DJBuddy.app */;
			productType = "com.apple.product-type.application";
		};
/* End PBXNativeTarget section */

/* Begin PBXProject section */
		5584D3FC2AC18D9700BC61F6 /* Project object */ = {
			isa = PBXProject;
			attributes = {
				BuildIndependentTargetsInParallel = 1;
				LastSwiftUpdateCheck = 1500;
				LastUpgradeCheck = 1500;
				TargetAttributes = {
					5584D4032AC18D9700BC61F6 = {
						CreatedOnToolsVersion = 15.0;
					};
				};
			};
			buildConfigurationList = 5584D3FF2AC18D9700BC61F6 /* Build configuration list for PBXProject "DJBuddy" */;
			compatibilityVersion = "Xcode 14.0";
			developmentRegion = en;
			hasScannedForEncodings = 0;
			knownRegions = (
				en,
				Base,
			);
			mainGroup = 5584D3FB2AC18D9700BC61F6;
			packageReferences = (
				55FB42D62AF43A8A00ED9197 /* XCRemoteSwiftPackageReference "stripe-ios-spm" */,
				5527A19F2B8D35BC0027D134 /* XCRemoteSwiftPackageReference "CodeScanner" */,
			);
			productRefGroup = 5584D4052AC18D9700BC61F6 /* Products */;
			projectDirPath = "";
			projectRoot = "";
			targets = (
				5584D4032AC18D9700BC61F6 /* DJBuddy */,
			);
		};
/* End PBXProject section */

/* Begin PBXResourcesBuildPhase section */
		5584D4022AC18D9700BC61F6 /* Resources */ = {
			isa = PBXResourcesBuildPhase;
			buildActionMask = 2147483647;
			files = (
				5584D40F2AC18D9900BC61F6 /* Preview Assets.xcassets in Resources */,
				5584D40C2AC18D9900BC61F6 /* Assets.xcassets in Resources */,
			);
			runOnlyForDeploymentPostprocessing = 0;
		};
/* End PBXResourcesBuildPhase section */

/* Begin PBXSourcesBuildPhase section */
		5584D4002AC18D9700BC61F6 /* Sources */ = {
			isa = PBXSourcesBuildPhase;
			buildActionMask = 2147483647;
			files = (
				5573DC842AE65D940025751F /* IncreasePriceView.swift in Sources */,
				5573DC802AE544300025751F /* SongSelectionViewModel.swift in Sources */,
				55A583AD2AE1937A00438049 /* UserData.swift in Sources */,
				5573DC5E2AE280BF0025751F /* ButtonType.swift in Sources */,
				5527A1D52B94DFE70027D134 /* EventDetailsView.swift in Sources */,
				5584D4162AC1A64800BC61F6 /* LandingView.swift in Sources */,
				5573DC6F2AE303520025751F /* SetThemeView.swift in Sources */,
				55A583A32AE152DE00438049 /* AddressRow.swift in Sources */,
				552E85FA2AD4428C006D5E86 /* DJHomeView.swift in Sources */,
				5573DC6D2AE2FFE20025751F /* EventControlViewModel.swift in Sources */,
				552E860C2AD4878A006D5E86 /* Navigator.swift in Sources */,
				5584D4252AC2128800BC61F6 /* LandingPageEnum.swift in Sources */,
				5573DC672AE2B7F30025751F /* SongRow.swift in Sources */,
				5573DC722AE30B090025751F /* SongDetalsView.swift in Sources */,
				5573DC742AE41CCC0025751F /* SelectEventView.swift in Sources */,
				552E86052AD476C9006D5E86 /* CircleButton.swift in Sources */,
				55FB42EC2AF7F66C00ED9197 /* PhotoPickerView.swift in Sources */,
				552E85F02AD3F85C006D5E86 /* MenuButtonType.swift in Sources */,
				5573DC882AE6CB9C0025751F /* Errors.swift in Sources */,
				55A583A52AE1531E00438049 /* MapSelectionView.swift in Sources */,
				5584D41A2AC1AEB700BC61F6 /* LargeSecondaryButtonStyle.swift in Sources */,
				5573DC5C2AE1D36F0025751F /* EventControlView.swift in Sources */,
				552E85F82AD43777006D5E86 /* EventList.swift in Sources */,
				55FB42E72AF6A52100ED9197 /* StripePaymentHelper.swift in Sources */,
				55A583AB2AE18C6600438049 /* UserHomeView.swift in Sources */,
				5584D40A2AC18D9700BC61F6 /* WavyBackgroundView.swift in Sources */,
				5573DC7E2AE542CB0025751F /* SongSelectionView.swift in Sources */,
				55A5839D2AE1507400438049 /* AddressSelectionViewModel.swift in Sources */,
				5527A19C2B8CEB190027D134 /* JoinEventView.swift in Sources */,
				5584D4272AC2132600BC61F6 /* AuthViewModel.swift in Sources */,
				556628922AC80B0D00BF14D3 /* UserTypeEnum.swift in Sources */,
				5573DC7C2AE46AFC0025751F /* PriceSelectionView.swift in Sources */,
				552E85EB2AD3EFF1006D5E86 /* EventListTile.swift in Sources */,
				5573DC6B2AE2F4AA0025751F /* LoadingOverlayViewModifier.swift in Sources */,
				552E85F42AD3FAC9006D5E86 /* SideMenuModifier.swift in Sources */,
				55FB42EA2AF6A5F900ED9197 /* BalanceTopUpView.swift in Sources */,
				552E85FF2AD45D05006D5E86 /* TabViewSelector.swift in Sources */,
				552E85E32AD2E1FD006D5E86 /* MainMenu.swift in Sources */,
				5527A1D72B94E3EF0027D134 /* ShareEventView.swift in Sources */,
				5573DC862AE6CA350025751F /* ErrorAlert.swift in Sources */,
				5573DC652AE2AF3B0025751F /* SongData.swift in Sources */,
				5573DC762AE423F10025751F /* UserEventView.swift in Sources */,
				552E85F22AD3FA4D006D5E86 /* MenuButton.swift in Sources */,
				5573DC8B2AE7040B0025751F /* MapView.swift in Sources */,
				5573DC592AE19DC50025751F /* EventData.swift in Sources */,
				552E86072AD47BD9006D5E86 /* NavigationBarModifier.swift in Sources */,
				5573DC692AE2F2B30025751F /* MainMenuViewModel.swift in Sources */,
				55FB42EE2AF7FDE500ED9197 /* PhotoPickerViewModel.swift in Sources */,
				5573DC7A2AE42D750025751F /* CheckmarkButtonStyle.swift in Sources */,
				5573DC612AE2AAE50025751F /* InfoView.swift in Sources */,
				5584D4182AC1ACCE00BC61F6 /* LargeProminentButtonStyle.swift in Sources */,
				5573DC632AE2ACCE0025751F /* SongList.swift in Sources */,
				55AAC7822AED91F3009414F0 /* StateManager.swift in Sources */,
				5584D42A2AC21B2D00BC61F6 /* InputView.swift in Sources */,
				5527A19E2B8CEE840027D134 /* JoinEventViewModel.swift in Sources */,
				55A583952AE14FEF00438049 /* AddressResult.swift in Sources */,
				5584D4082AC18D9700BC61F6 /* DJBuddyApp.swift in Sources */,
				55A5839F2AE150F400438049 /* MapSelectionViewModel.swift in Sources */,
				552E86032AD47336006D5E86 /* ProfileView.swift in Sources */,
				552E85E92AD2E745006D5E86 /* BackgroundColor.swift in Sources */,
				552E85EE2AD3F78A006D5E86 /* SideMenu.swift in Sources */,
				5573DC782AE427800025751F /* RequestSongView.swift in Sources */,
				55A583A12AE1526100438049 /* ClearButton.swift in Sources */,
				5573DC8F2AE70D840025751F /* MapViewModel.swift in Sources */,
				55A5839B2AE1506800438049 /* AddressSelectionView.swift in Sources */,
				5573DC822AE54F410025751F /* SimpleSongRow.swift in Sources */,
				5573DC912AE71C380025751F /* EventAnnotation.swift in Sources */,
				55A583A72AE15D2500438049 /* CreateEventView.swift in Sources */,
				55A583A92AE1704900438049 /* CreateEventViewModel.swift in Sources */,
				552E85E62AD2E605006D5E86 /* CustomColors.swift in Sources */,
				55FB42E52AF57D0800ED9197 /* PaymentResponse.swift in Sources */,
				55AAC7842AED9957009414F0 /* API.swift in Sources */,
				5584D4202AC1DA0B00BC61F6 /* UnderlinedButtonStyle.swift in Sources */,
			);
			runOnlyForDeploymentPostprocessing = 0;
		};
/* End PBXSourcesBuildPhase section */

/* Begin XCBuildConfiguration section */
		5584D4102AC18D9900BC61F6 /* Debug */ = {
			isa = XCBuildConfiguration;
			buildSettings = {
				ALWAYS_SEARCH_USER_PATHS = NO;
				ASSETCATALOG_COMPILER_GENERATE_SWIFT_ASSET_SYMBOL_EXTENSIONS = YES;
				CLANG_ANALYZER_NONNULL = YES;
				CLANG_ANALYZER_NUMBER_OBJECT_CONVERSION = YES_AGGRESSIVE;
				CLANG_CXX_LANGUAGE_STANDARD = "gnu++20";
				CLANG_ENABLE_MODULES = YES;
				CLANG_ENABLE_OBJC_ARC = YES;
				CLANG_ENABLE_OBJC_WEAK = YES;
				CLANG_WARN_BLOCK_CAPTURE_AUTORELEASING = YES;
				CLANG_WARN_BOOL_CONVERSION = YES;
				CLANG_WARN_COMMA = YES;
				CLANG_WARN_CONSTANT_CONVERSION = YES;
				CLANG_WARN_DEPRECATED_OBJC_IMPLEMENTATIONS = YES;
				CLANG_WARN_DIRECT_OBJC_ISA_USAGE = YES_ERROR;
				CLANG_WARN_DOCUMENTATION_COMMENTS = YES;
				CLANG_WARN_EMPTY_BODY = YES;
				CLANG_WARN_ENUM_CONVERSION = YES;
				CLANG_WARN_INFINITE_RECURSION = YES;
				CLANG_WARN_INT_CONVERSION = YES;
				CLANG_WARN_NON_LITERAL_NULL_CONVERSION = YES;
				CLANG_WARN_OBJC_IMPLICIT_RETAIN_SELF = YES;
				CLANG_WARN_OBJC_LITERAL_CONVERSION = YES;
				CLANG_WARN_OBJC_ROOT_CLASS = YES_ERROR;
				CLANG_WARN_QUOTED_INCLUDE_IN_FRAMEWORK_HEADER = YES;
				CLANG_WARN_RANGE_LOOP_ANALYSIS = YES;
				CLANG_WARN_STRICT_PROTOTYPES = YES;
				CLANG_WARN_SUSPICIOUS_MOVE = YES;
				CLANG_WARN_UNGUARDED_AVAILABILITY = YES_AGGRESSIVE;
				CLANG_WARN_UNREACHABLE_CODE = YES;
				CLANG_WARN__DUPLICATE_METHOD_MATCH = YES;
				COPY_PHASE_STRIP = NO;
				DEBUG_INFORMATION_FORMAT = dwarf;
				ENABLE_STRICT_OBJC_MSGSEND = YES;
				ENABLE_TESTABILITY = YES;
				ENABLE_USER_SCRIPT_SANDBOXING = YES;
				GCC_C_LANGUAGE_STANDARD = gnu17;
				GCC_DYNAMIC_NO_PIC = NO;
				GCC_NO_COMMON_BLOCKS = YES;
				GCC_OPTIMIZATION_LEVEL = 0;
				GCC_PREPROCESSOR_DEFINITIONS = (
					"DEBUG=1",
					"$(inherited)",
				);
				GCC_WARN_64_TO_32_BIT_CONVERSION = YES;
				GCC_WARN_ABOUT_RETURN_TYPE = YES_ERROR;
				GCC_WARN_UNDECLARED_SELECTOR = YES;
				GCC_WARN_UNINITIALIZED_AUTOS = YES_AGGRESSIVE;
				GCC_WARN_UNUSED_FUNCTION = YES;
				GCC_WARN_UNUSED_VARIABLE = YES;
				IPHONEOS_DEPLOYMENT_TARGET = 17.0;
				LOCALIZATION_PREFERS_STRING_CATALOGS = YES;
				MTL_ENABLE_DEBUG_INFO = INCLUDE_SOURCE;
				MTL_FAST_MATH = YES;
				ONLY_ACTIVE_ARCH = YES;
				SDKROOT = iphoneos;
				SWIFT_ACTIVE_COMPILATION_CONDITIONS = "DEBUG $(inherited)";
				SWIFT_OPTIMIZATION_LEVEL = "-Onone";
			};
			name = Debug;
		};
		5584D4112AC18D9900BC61F6 /* Release */ = {
			isa = XCBuildConfiguration;
			buildSettings = {
				ALWAYS_SEARCH_USER_PATHS = NO;
				ASSETCATALOG_COMPILER_GENERATE_SWIFT_ASSET_SYMBOL_EXTENSIONS = YES;
				CLANG_ANALYZER_NONNULL = YES;
				CLANG_ANALYZER_NUMBER_OBJECT_CONVERSION = YES_AGGRESSIVE;
				CLANG_CXX_LANGUAGE_STANDARD = "gnu++20";
				CLANG_ENABLE_MODULES = YES;
				CLANG_ENABLE_OBJC_ARC = YES;
				CLANG_ENABLE_OBJC_WEAK = YES;
				CLANG_WARN_BLOCK_CAPTURE_AUTORELEASING = YES;
				CLANG_WARN_BOOL_CONVERSION = YES;
				CLANG_WARN_COMMA = YES;
				CLANG_WARN_CONSTANT_CONVERSION = YES;
				CLANG_WARN_DEPRECATED_OBJC_IMPLEMENTATIONS = YES;
				CLANG_WARN_DIRECT_OBJC_ISA_USAGE = YES_ERROR;
				CLANG_WARN_DOCUMENTATION_COMMENTS = YES;
				CLANG_WARN_EMPTY_BODY = YES;
				CLANG_WARN_ENUM_CONVERSION = YES;
				CLANG_WARN_INFINITE_RECURSION = YES;
				CLANG_WARN_INT_CONVERSION = YES;
				CLANG_WARN_NON_LITERAL_NULL_CONVERSION = YES;
				CLANG_WARN_OBJC_IMPLICIT_RETAIN_SELF = YES;
				CLANG_WARN_OBJC_LITERAL_CONVERSION = YES;
				CLANG_WARN_OBJC_ROOT_CLASS = YES_ERROR;
				CLANG_WARN_QUOTED_INCLUDE_IN_FRAMEWORK_HEADER = YES;
				CLANG_WARN_RANGE_LOOP_ANALYSIS = YES;
				CLANG_WARN_STRICT_PROTOTYPES = YES;
				CLANG_WARN_SUSPICIOUS_MOVE = YES;
				CLANG_WARN_UNGUARDED_AVAILABILITY = YES_AGGRESSIVE;
				CLANG_WARN_UNREACHABLE_CODE = YES;
				CLANG_WARN__DUPLICATE_METHOD_MATCH = YES;
				COPY_PHASE_STRIP = NO;
				DEBUG_INFORMATION_FORMAT = "dwarf-with-dsym";
				ENABLE_NS_ASSERTIONS = NO;
				ENABLE_STRICT_OBJC_MSGSEND = YES;
				ENABLE_USER_SCRIPT_SANDBOXING = YES;
				GCC_C_LANGUAGE_STANDARD = gnu17;
				GCC_NO_COMMON_BLOCKS = YES;
				GCC_WARN_64_TO_32_BIT_CONVERSION = YES;
				GCC_WARN_ABOUT_RETURN_TYPE = YES_ERROR;
				GCC_WARN_UNDECLARED_SELECTOR = YES;
				GCC_WARN_UNINITIALIZED_AUTOS = YES_AGGRESSIVE;
				GCC_WARN_UNUSED_FUNCTION = YES;
				GCC_WARN_UNUSED_VARIABLE = YES;
				IPHONEOS_DEPLOYMENT_TARGET = 17.0;
				LOCALIZATION_PREFERS_STRING_CATALOGS = YES;
				MTL_ENABLE_DEBUG_INFO = NO;
				MTL_FAST_MATH = YES;
				SDKROOT = iphoneos;
				SWIFT_COMPILATION_MODE = wholemodule;
				VALIDATE_PRODUCT = YES;
			};
			name = Release;
		};
		5584D4132AC18D9900BC61F6 /* Debug */ = {
			isa = XCBuildConfiguration;
			buildSettings = {
				ASSETCATALOG_COMPILER_APPICON_NAME = AppIcon;
				ASSETCATALOG_COMPILER_GLOBAL_ACCENT_COLOR_NAME = AccentColor;
				CODE_SIGN_STYLE = Automatic;
				CURRENT_PROJECT_VERSION = 1;
				DEVELOPMENT_ASSET_PATHS = "\"DJBuddy/Preview Content\"";
				DEVELOPMENT_TEAM = 85XVJT6RC3;
				ENABLE_PREVIEWS = YES;
				GENERATE_INFOPLIST_FILE = YES;
				INFOPLIST_KEY_NSAppleMusicUsageDescription = Please.;
				INFOPLIST_KEY_NSCameraUsageDescription = "To scan QR codes.";
				INFOPLIST_KEY_NSLocationAlwaysAndWhenInUseUsageDescription = "To display on the map.";
				INFOPLIST_KEY_NSLocationWhenInUseUsageDescription = "To display on the map.";
				INFOPLIST_KEY_UIApplicationSceneManifest_Generation = YES;
				INFOPLIST_KEY_UIApplicationSupportsIndirectInputEvents = YES;
				INFOPLIST_KEY_UILaunchScreen_Generation = YES;
				INFOPLIST_KEY_UISupportedInterfaceOrientations_iPad = "UIInterfaceOrientationPortrait UIInterfaceOrientationPortraitUpsideDown UIInterfaceOrientationLandscapeLeft UIInterfaceOrientationLandscapeRight";
				INFOPLIST_KEY_UISupportedInterfaceOrientations_iPhone = "UIInterfaceOrientationPortrait UIInterfaceOrientationLandscapeLeft UIInterfaceOrientationLandscapeRight";
				LD_RUNPATH_SEARCH_PATHS = (
					"$(inherited)",
					"@executable_path/Frameworks",
				);
				MARKETING_VERSION = 1.0;
				PRODUCT_BUNDLE_IDENTIFIER = tomi.projects.DJBuddy;
				PRODUCT_NAME = "$(TARGET_NAME)";
				SWIFT_EMIT_LOC_STRINGS = YES;
				SWIFT_VERSION = 5.0;
				TARGETED_DEVICE_FAMILY = "1,2";
			};
			name = Debug;
		};
		5584D4142AC18D9900BC61F6 /* Release */ = {
			isa = XCBuildConfiguration;
			buildSettings = {
				ASSETCATALOG_COMPILER_APPICON_NAME = AppIcon;
				ASSETCATALOG_COMPILER_GLOBAL_ACCENT_COLOR_NAME = AccentColor;
				CODE_SIGN_STYLE = Automatic;
				CURRENT_PROJECT_VERSION = 1;
				DEVELOPMENT_ASSET_PATHS = "\"DJBuddy/Preview Content\"";
				DEVELOPMENT_TEAM = 85XVJT6RC3;
				ENABLE_PREVIEWS = YES;
				GENERATE_INFOPLIST_FILE = YES;
				INFOPLIST_KEY_NSAppleMusicUsageDescription = Please.;
				INFOPLIST_KEY_NSCameraUsageDescription = "To scan QR codes.";
				INFOPLIST_KEY_NSLocationAlwaysAndWhenInUseUsageDescription = "To display on the map.";
				INFOPLIST_KEY_NSLocationWhenInUseUsageDescription = "To display on the map.";
				INFOPLIST_KEY_UIApplicationSceneManifest_Generation = YES;
				INFOPLIST_KEY_UIApplicationSupportsIndirectInputEvents = YES;
				INFOPLIST_KEY_UILaunchScreen_Generation = YES;
				INFOPLIST_KEY_UISupportedInterfaceOrientations_iPad = "UIInterfaceOrientationPortrait UIInterfaceOrientationPortraitUpsideDown UIInterfaceOrientationLandscapeLeft UIInterfaceOrientationLandscapeRight";
				INFOPLIST_KEY_UISupportedInterfaceOrientations_iPhone = "UIInterfaceOrientationPortrait UIInterfaceOrientationLandscapeLeft UIInterfaceOrientationLandscapeRight";
				LD_RUNPATH_SEARCH_PATHS = (
					"$(inherited)",
					"@executable_path/Frameworks",
				);
				MARKETING_VERSION = 1.0;
				PRODUCT_BUNDLE_IDENTIFIER = tomi.projects.DJBuddy;
				PRODUCT_NAME = "$(TARGET_NAME)";
				SWIFT_EMIT_LOC_STRINGS = YES;
				SWIFT_VERSION = 5.0;
				TARGETED_DEVICE_FAMILY = "1,2";
			};
			name = Release;
		};
/* End XCBuildConfiguration section */

/* Begin XCConfigurationList section */
		5584D3FF2AC18D9700BC61F6 /* Build configuration list for PBXProject "DJBuddy" */ = {
			isa = XCConfigurationList;
			buildConfigurations = (
				5584D4102AC18D9900BC61F6 /* Debug */,
				5584D4112AC18D9900BC61F6 /* Release */,
			);
			defaultConfigurationIsVisible = 0;
			defaultConfigurationName = Release;
		};
		5584D4122AC18D9900BC61F6 /* Build configuration list for PBXNativeTarget "DJBuddy" */ = {
			isa = XCConfigurationList;
			buildConfigurations = (
				5584D4132AC18D9900BC61F6 /* Debug */,
				5584D4142AC18D9900BC61F6 /* Release */,
			);
			defaultConfigurationIsVisible = 0;
			defaultConfigurationName = Release;
		};
/* End XCConfigurationList section */

/* Begin XCRemoteSwiftPackageReference section */
		5527A19F2B8D35BC0027D134 /* XCRemoteSwiftPackageReference "CodeScanner" */ = {
			isa = XCRemoteSwiftPackageReference;
			repositoryURL = "https://github.com/twostraws/CodeScanner";
			requirement = {
				kind = upToNextMajorVersion;
				minimumVersion = 2.4.0;
			};
		};
		55FB42D62AF43A8A00ED9197 /* XCRemoteSwiftPackageReference "stripe-ios-spm" */ = {
			isa = XCRemoteSwiftPackageReference;
			repositoryURL = "https://github.com/stripe/stripe-ios-spm";
			requirement = {
				kind = upToNextMajorVersion;
				minimumVersion = 23.18.1;
			};
		};
/* End XCRemoteSwiftPackageReference section */

/* Begin XCSwiftPackageProductDependency section */
		5527A1A02B8D35BC0027D134 /* CodeScanner */ = {
			isa = XCSwiftPackageProductDependency;
			package = 5527A19F2B8D35BC0027D134 /* XCRemoteSwiftPackageReference "CodeScanner" */;
			productName = CodeScanner;
		};
		55FB42D72AF43A8A00ED9197 /* Stripe */ = {
			isa = XCSwiftPackageProductDependency;
			package = 55FB42D62AF43A8A00ED9197 /* XCRemoteSwiftPackageReference "stripe-ios-spm" */;
			productName = Stripe;
		};
		55FB42D92AF43A8A00ED9197 /* StripeApplePay */ = {
			isa = XCSwiftPackageProductDependency;
			package = 55FB42D62AF43A8A00ED9197 /* XCRemoteSwiftPackageReference "stripe-ios-spm" */;
			productName = StripeApplePay;
		};
		55FB42DB2AF43A8A00ED9197 /* StripeCardScan */ = {
			isa = XCSwiftPackageProductDependency;
			package = 55FB42D62AF43A8A00ED9197 /* XCRemoteSwiftPackageReference "stripe-ios-spm" */;
			productName = StripeCardScan;
		};
		55FB42DD2AF43A8A00ED9197 /* StripeFinancialConnections */ = {
			isa = XCSwiftPackageProductDependency;
			package = 55FB42D62AF43A8A00ED9197 /* XCRemoteSwiftPackageReference "stripe-ios-spm" */;
			productName = StripeFinancialConnections;
		};
		55FB42DF2AF43A8A00ED9197 /* StripeIdentity */ = {
			isa = XCSwiftPackageProductDependency;
			package = 55FB42D62AF43A8A00ED9197 /* XCRemoteSwiftPackageReference "stripe-ios-spm" */;
			productName = StripeIdentity;
		};
		55FB42E22AF5597600ED9197 /* StripePaymentSheet */ = {
			isa = XCSwiftPackageProductDependency;
			package = 55FB42D62AF43A8A00ED9197 /* XCRemoteSwiftPackageReference "stripe-ios-spm" */;
			productName = StripePaymentSheet;
		};
/* End XCSwiftPackageProductDependency section */
	};
	rootObject = 5584D3FC2AC18D9700BC61F6 /* Project object */;
}
