// !$*UTF8*$!
{
	archiveVersion = 1;
	classes = {
	};
	objectVersion = 56;
	objects = {

/* Begin PBXBuildFile section */
		552E85E32AD2E1FD006D5E86 /* DJMainMenu.swift in Sources */ = {isa = PBXBuildFile; fileRef = 552E85E22AD2E1FD006D5E86 /* DJMainMenu.swift */; };
		552E85E62AD2E605006D5E86 /* CustomColors.swift in Sources */ = {isa = PBXBuildFile; fileRef = 552E85E52AD2E605006D5E86 /* CustomColors.swift */; };
		552E85E92AD2E745006D5E86 /* BackgroundColor.swift in Sources */ = {isa = PBXBuildFile; fileRef = 552E85E82AD2E745006D5E86 /* BackgroundColor.swift */; };
		552E85EB2AD3EFF1006D5E86 /* EventListTile.swift in Sources */ = {isa = PBXBuildFile; fileRef = 552E85EA2AD3EFF1006D5E86 /* EventListTile.swift */; };
		552E85EE2AD3F78A006D5E86 /* SideMenu.swift in Sources */ = {isa = PBXBuildFile; fileRef = 552E85ED2AD3F78A006D5E86 /* SideMenu.swift */; };
		552E85F02AD3F85C006D5E86 /* MenuButtonType.swift in Sources */ = {isa = PBXBuildFile; fileRef = 552E85EF2AD3F85C006D5E86 /* MenuButtonType.swift */; };
		552E85F22AD3FA4D006D5E86 /* MenuButton.swift in Sources */ = {isa = PBXBuildFile; fileRef = 552E85F12AD3FA4D006D5E86 /* MenuButton.swift */; };
		552E85F42AD3FAC9006D5E86 /* SideMenuModifier.swift in Sources */ = {isa = PBXBuildFile; fileRef = 552E85F32AD3FAC9006D5E86 /* SideMenuModifier.swift */; };
		552E85F82AD43777006D5E86 /* EventList.swift in Sources */ = {isa = PBXBuildFile; fileRef = 552E85F72AD43776006D5E86 /* EventList.swift */; };
		552E85FA2AD4428C006D5E86 /* DJHomeView.swift in Sources */ = {isa = PBXBuildFile; fileRef = 552E85F92AD4428C006D5E86 /* DJHomeView.swift */; };
		552E85FC2AD442F8006D5E86 /* HomeTabView.swift in Sources */ = {isa = PBXBuildFile; fileRef = 552E85FB2AD442F8006D5E86 /* HomeTabView.swift */; };
		552E85FF2AD45D05006D5E86 /* TabViewSelector.swift in Sources */ = {isa = PBXBuildFile; fileRef = 552E85FE2AD45D05006D5E86 /* TabViewSelector.swift */; };
		552E86032AD47336006D5E86 /* ProfileView.swift in Sources */ = {isa = PBXBuildFile; fileRef = 552E86022AD47336006D5E86 /* ProfileView.swift */; };
		552E86052AD476C9006D5E86 /* CircleButton.swift in Sources */ = {isa = PBXBuildFile; fileRef = 552E86042AD476C9006D5E86 /* CircleButton.swift */; };
		552E86072AD47BD9006D5E86 /* NavigationBarModifier.swift in Sources */ = {isa = PBXBuildFile; fileRef = 552E86062AD47BD9006D5E86 /* NavigationBarModifier.swift */; };
		552E86092AD48634006D5E86 /* NavigationDestination.swift in Sources */ = {isa = PBXBuildFile; fileRef = 552E86082AD48634006D5E86 /* NavigationDestination.swift */; };
		552E860C2AD4878A006D5E86 /* Navigator.swift in Sources */ = {isa = PBXBuildFile; fileRef = 552E860B2AD4878A006D5E86 /* Navigator.swift */; };
		556628922AC80B0D00BF14D3 /* UserTypeEnum.swift in Sources */ = {isa = PBXBuildFile; fileRef = 556628912AC80B0D00BF14D3 /* UserTypeEnum.swift */; };
		5584D4082AC18D9700BC61F6 /* DJBuddyApp.swift in Sources */ = {isa = PBXBuildFile; fileRef = 5584D4072AC18D9700BC61F6 /* DJBuddyApp.swift */; };
		5584D40A2AC18D9700BC61F6 /* WavyBackgroundView.swift in Sources */ = {isa = PBXBuildFile; fileRef = 5584D4092AC18D9700BC61F6 /* WavyBackgroundView.swift */; };
		5584D40C2AC18D9900BC61F6 /* Assets.xcassets in Resources */ = {isa = PBXBuildFile; fileRef = 5584D40B2AC18D9900BC61F6 /* Assets.xcassets */; };
		5584D40F2AC18D9900BC61F6 /* Preview Assets.xcassets in Resources */ = {isa = PBXBuildFile; fileRef = 5584D40E2AC18D9900BC61F6 /* Preview Assets.xcassets */; };
		5584D4162AC1A64800BC61F6 /* LandingView.swift in Sources */ = {isa = PBXBuildFile; fileRef = 5584D4152AC1A64800BC61F6 /* LandingView.swift */; };
		5584D4182AC1ACCE00BC61F6 /* LargeProminentButtonStyle.swift in Sources */ = {isa = PBXBuildFile; fileRef = 5584D4172AC1ACCE00BC61F6 /* LargeProminentButtonStyle.swift */; };
		5584D41A2AC1AEB700BC61F6 /* LargeSecondaryButtonStyle.swift in Sources */ = {isa = PBXBuildFile; fileRef = 5584D4192AC1AEB700BC61F6 /* LargeSecondaryButtonStyle.swift */; };
		5584D4202AC1DA0B00BC61F6 /* UnderlinedButtonStyle.swift in Sources */ = {isa = PBXBuildFile; fileRef = 5584D41F2AC1DA0B00BC61F6 /* UnderlinedButtonStyle.swift */; };
		5584D4252AC2128800BC61F6 /* LandingPageEnum.swift in Sources */ = {isa = PBXBuildFile; fileRef = 5584D4242AC2128800BC61F6 /* LandingPageEnum.swift */; };
		5584D4272AC2132600BC61F6 /* AuthViewModel.swift in Sources */ = {isa = PBXBuildFile; fileRef = 5584D4262AC2132600BC61F6 /* AuthViewModel.swift */; };
		5584D42A2AC21B2D00BC61F6 /* InputView.swift in Sources */ = {isa = PBXBuildFile; fileRef = 5584D4292AC21B2D00BC61F6 /* InputView.swift */; };
		55A5837D2AE12DDA00438049 /* CreateEventView.swift in Sources */ = {isa = PBXBuildFile; fileRef = 55A5837C2AE12DDA00438049 /* CreateEventView.swift */; };
		55A583802AE12F8D00438049 /* PlacesViewControllerBridge.swift in Sources */ = {isa = PBXBuildFile; fileRef = 55A5837F2AE12F8D00438049 /* PlacesViewControllerBridge.swift */; };
		55A583842AE1310500438049 /* GooglePlaces.xcframework in Frameworks */ = {isa = PBXBuildFile; fileRef = 55A583832AE1310500438049 /* GooglePlaces.xcframework */; };
		55A583862AE1317100438049 /* GooglePlaces.bundle in Resources */ = {isa = PBXBuildFile; fileRef = 55A583852AE1317100438049 /* GooglePlaces.bundle */; };
		55A583882AE1319400438049 /* CoreGraphics.framework in Frameworks */ = {isa = PBXBuildFile; fileRef = 55A583872AE1319400438049 /* CoreGraphics.framework */; };
		55A5838A2AE1319D00438049 /* CoreLocation.framework in Frameworks */ = {isa = PBXBuildFile; fileRef = 55A583892AE1319D00438049 /* CoreLocation.framework */; };
		55A5838C2AE131AD00438049 /* libc++.tbd in Frameworks */ = {isa = PBXBuildFile; fileRef = 55A5838B2AE131AD00438049 /* libc++.tbd */; };
		55A5838E2AE131B900438049 /* libz.tbd in Frameworks */ = {isa = PBXBuildFile; fileRef = 55A5838D2AE131B900438049 /* libz.tbd */; };
		55A583902AE131C400438049 /* QuartzCore.framework in Frameworks */ = {isa = PBXBuildFile; fileRef = 55A5838F2AE131C400438049 /* QuartzCore.framework */; };
		55A583922AE131CB00438049 /* UIKit.framework in Frameworks */ = {isa = PBXBuildFile; fileRef = 55A583912AE131CB00438049 /* UIKit.framework */; };
/* End PBXBuildFile section */

/* Begin PBXFileReference section */
		552E85E22AD2E1FD006D5E86 /* DJMainMenu.swift */ = {isa = PBXFileReference; lastKnownFileType = sourcecode.swift; path = DJMainMenu.swift; sourceTree = "<group>"; };
		552E85E52AD2E605006D5E86 /* CustomColors.swift */ = {isa = PBXFileReference; lastKnownFileType = sourcecode.swift; path = CustomColors.swift; sourceTree = "<group>"; };
		552E85E82AD2E745006D5E86 /* BackgroundColor.swift */ = {isa = PBXFileReference; lastKnownFileType = sourcecode.swift; path = BackgroundColor.swift; sourceTree = "<group>"; };
		552E85EA2AD3EFF1006D5E86 /* EventListTile.swift */ = {isa = PBXFileReference; lastKnownFileType = sourcecode.swift; path = EventListTile.swift; sourceTree = "<group>"; };
		552E85ED2AD3F78A006D5E86 /* SideMenu.swift */ = {isa = PBXFileReference; lastKnownFileType = sourcecode.swift; path = SideMenu.swift; sourceTree = "<group>"; };
		552E85EF2AD3F85C006D5E86 /* MenuButtonType.swift */ = {isa = PBXFileReference; lastKnownFileType = sourcecode.swift; path = MenuButtonType.swift; sourceTree = "<group>"; };
		552E85F12AD3FA4D006D5E86 /* MenuButton.swift */ = {isa = PBXFileReference; lastKnownFileType = sourcecode.swift; path = MenuButton.swift; sourceTree = "<group>"; };
		552E85F32AD3FAC9006D5E86 /* SideMenuModifier.swift */ = {isa = PBXFileReference; lastKnownFileType = sourcecode.swift; path = SideMenuModifier.swift; sourceTree = "<group>"; };
		552E85F72AD43776006D5E86 /* EventList.swift */ = {isa = PBXFileReference; lastKnownFileType = sourcecode.swift; path = EventList.swift; sourceTree = "<group>"; };
		552E85F92AD4428C006D5E86 /* DJHomeView.swift */ = {isa = PBXFileReference; lastKnownFileType = sourcecode.swift; path = DJHomeView.swift; sourceTree = "<group>"; };
		552E85FB2AD442F8006D5E86 /* HomeTabView.swift */ = {isa = PBXFileReference; lastKnownFileType = sourcecode.swift; path = HomeTabView.swift; sourceTree = "<group>"; };
		552E85FE2AD45D05006D5E86 /* TabViewSelector.swift */ = {isa = PBXFileReference; lastKnownFileType = sourcecode.swift; path = TabViewSelector.swift; sourceTree = "<group>"; };
		552E86022AD47336006D5E86 /* ProfileView.swift */ = {isa = PBXFileReference; lastKnownFileType = sourcecode.swift; path = ProfileView.swift; sourceTree = "<group>"; };
		552E86042AD476C9006D5E86 /* CircleButton.swift */ = {isa = PBXFileReference; lastKnownFileType = sourcecode.swift; path = CircleButton.swift; sourceTree = "<group>"; };
		552E86062AD47BD9006D5E86 /* NavigationBarModifier.swift */ = {isa = PBXFileReference; lastKnownFileType = sourcecode.swift; path = NavigationBarModifier.swift; sourceTree = "<group>"; };
		552E86082AD48634006D5E86 /* NavigationDestination.swift */ = {isa = PBXFileReference; lastKnownFileType = sourcecode.swift; path = NavigationDestination.swift; sourceTree = "<group>"; };
		552E860B2AD4878A006D5E86 /* Navigator.swift */ = {isa = PBXFileReference; lastKnownFileType = sourcecode.swift; path = Navigator.swift; sourceTree = "<group>"; };
		556628912AC80B0D00BF14D3 /* UserTypeEnum.swift */ = {isa = PBXFileReference; lastKnownFileType = sourcecode.swift; path = UserTypeEnum.swift; sourceTree = "<group>"; };
		5584D4042AC18D9700BC61F6 /* DJBuddy.app */ = {isa = PBXFileReference; explicitFileType = wrapper.application; includeInIndex = 0; path = DJBuddy.app; sourceTree = BUILT_PRODUCTS_DIR; };
		5584D4072AC18D9700BC61F6 /* DJBuddyApp.swift */ = {isa = PBXFileReference; lastKnownFileType = sourcecode.swift; path = DJBuddyApp.swift; sourceTree = "<group>"; };
		5584D4092AC18D9700BC61F6 /* WavyBackgroundView.swift */ = {isa = PBXFileReference; lastKnownFileType = sourcecode.swift; path = WavyBackgroundView.swift; sourceTree = "<group>"; };
		5584D40B2AC18D9900BC61F6 /* Assets.xcassets */ = {isa = PBXFileReference; lastKnownFileType = folder.assetcatalog; path = Assets.xcassets; sourceTree = "<group>"; };
		5584D40E2AC18D9900BC61F6 /* Preview Assets.xcassets */ = {isa = PBXFileReference; lastKnownFileType = folder.assetcatalog; path = "Preview Assets.xcassets"; sourceTree = "<group>"; };
		5584D4152AC1A64800BC61F6 /* LandingView.swift */ = {isa = PBXFileReference; lastKnownFileType = sourcecode.swift; path = LandingView.swift; sourceTree = "<group>"; };
		5584D4172AC1ACCE00BC61F6 /* LargeProminentButtonStyle.swift */ = {isa = PBXFileReference; lastKnownFileType = sourcecode.swift; path = LargeProminentButtonStyle.swift; sourceTree = "<group>"; };
		5584D4192AC1AEB700BC61F6 /* LargeSecondaryButtonStyle.swift */ = {isa = PBXFileReference; lastKnownFileType = sourcecode.swift; path = LargeSecondaryButtonStyle.swift; sourceTree = "<group>"; };
		5584D41F2AC1DA0B00BC61F6 /* UnderlinedButtonStyle.swift */ = {isa = PBXFileReference; lastKnownFileType = sourcecode.swift; path = UnderlinedButtonStyle.swift; sourceTree = "<group>"; };
		5584D4242AC2128800BC61F6 /* LandingPageEnum.swift */ = {isa = PBXFileReference; lastKnownFileType = sourcecode.swift; path = LandingPageEnum.swift; sourceTree = "<group>"; };
		5584D4262AC2132600BC61F6 /* AuthViewModel.swift */ = {isa = PBXFileReference; lastKnownFileType = sourcecode.swift; path = AuthViewModel.swift; sourceTree = "<group>"; };
		5584D4292AC21B2D00BC61F6 /* InputView.swift */ = {isa = PBXFileReference; lastKnownFileType = sourcecode.swift; path = InputView.swift; sourceTree = "<group>"; };
		55A5837C2AE12DDA00438049 /* CreateEventView.swift */ = {isa = PBXFileReference; lastKnownFileType = sourcecode.swift; path = CreateEventView.swift; sourceTree = "<group>"; };
		55A5837F2AE12F8D00438049 /* PlacesViewControllerBridge.swift */ = {isa = PBXFileReference; lastKnownFileType = sourcecode.swift; path = PlacesViewControllerBridge.swift; sourceTree = "<group>"; };
		55A583832AE1310500438049 /* GooglePlaces.xcframework */ = {isa = PBXFileReference; lastKnownFileType = wrapper.xcframework; path = GooglePlaces.xcframework; sourceTree = "<group>"; };
		55A583852AE1317100438049 /* GooglePlaces.bundle */ = {isa = PBXFileReference; lastKnownFileType = "wrapper.plug-in"; name = GooglePlaces.bundle; path = "Frameworks/GooglePlaces.xcframework/ios-arm64/GooglePlaces.framework/Resources/GooglePlaces.bundle"; sourceTree = "<group>"; };
		55A583872AE1319400438049 /* CoreGraphics.framework */ = {isa = PBXFileReference; lastKnownFileType = wrapper.framework; name = CoreGraphics.framework; path = System/Library/Frameworks/CoreGraphics.framework; sourceTree = SDKROOT; };
		55A583892AE1319D00438049 /* CoreLocation.framework */ = {isa = PBXFileReference; lastKnownFileType = wrapper.framework; name = CoreLocation.framework; path = System/Library/Frameworks/CoreLocation.framework; sourceTree = SDKROOT; };
		55A5838B2AE131AD00438049 /* libc++.tbd */ = {isa = PBXFileReference; lastKnownFileType = "sourcecode.text-based-dylib-definition"; name = "libc++.tbd"; path = "usr/lib/libc++.tbd"; sourceTree = SDKROOT; };
		55A5838D2AE131B900438049 /* libz.tbd */ = {isa = PBXFileReference; lastKnownFileType = "sourcecode.text-based-dylib-definition"; name = libz.tbd; path = usr/lib/libz.tbd; sourceTree = SDKROOT; };
		55A5838F2AE131C400438049 /* QuartzCore.framework */ = {isa = PBXFileReference; lastKnownFileType = wrapper.framework; name = QuartzCore.framework; path = System/Library/Frameworks/QuartzCore.framework; sourceTree = SDKROOT; };
		55A583912AE131CB00438049 /* UIKit.framework */ = {isa = PBXFileReference; lastKnownFileType = wrapper.framework; name = UIKit.framework; path = System/Library/Frameworks/UIKit.framework; sourceTree = SDKROOT; };
/* End PBXFileReference section */

/* Begin PBXFrameworksBuildPhase section */
		5584D4012AC18D9700BC61F6 /* Frameworks */ = {
			isa = PBXFrameworksBuildPhase;
			buildActionMask = 2147483647;
			files = (
				55A583882AE1319400438049 /* CoreGraphics.framework in Frameworks */,
				55A5838A2AE1319D00438049 /* CoreLocation.framework in Frameworks */,
				55A5838C2AE131AD00438049 /* libc++.tbd in Frameworks */,
				55A5838E2AE131B900438049 /* libz.tbd in Frameworks */,
				55A583902AE131C400438049 /* QuartzCore.framework in Frameworks */,
				55A583922AE131CB00438049 /* UIKit.framework in Frameworks */,
				55A583842AE1310500438049 /* GooglePlaces.xcframework in Frameworks */,
			);
			runOnlyForDeploymentPostprocessing = 0;
		};
/* End PBXFrameworksBuildPhase section */

/* Begin PBXGroup section */
		552E85E12AD2DA3B006D5E86 /* Main menu */ = {
			isa = PBXGroup;
			children = (
				552E85E22AD2E1FD006D5E86 /* DJMainMenu.swift */,
			);
			path = "Main menu";
			sourceTree = "<group>";
		};
		552E85E42AD2E5F1006D5E86 /* Color */ = {
			isa = PBXGroup;
			children = (
				552E85E52AD2E605006D5E86 /* CustomColors.swift */,
			);
			path = Color;
			sourceTree = "<group>";
		};
		552E85E72AD2E737006D5E86 /* ViewModifiers */ = {
			isa = PBXGroup;
			children = (
				552E85E82AD2E745006D5E86 /* BackgroundColor.swift */,
				552E85F32AD3FAC9006D5E86 /* SideMenuModifier.swift */,
				552E86062AD47BD9006D5E86 /* NavigationBarModifier.swift */,
			);
			path = ViewModifiers;
			sourceTree = "<group>";
		};
		552E85FD2AD45CF1006D5E86 /* TabView */ = {
			isa = PBXGroup;
			children = (
				552E85FB2AD442F8006D5E86 /* HomeTabView.swift */,
				552E85FE2AD45D05006D5E86 /* TabViewSelector.swift */,
			);
			path = TabView;
			sourceTree = "<group>";
		};
		552E86002AD472CC006D5E86 /* Screens */ = {
			isa = PBXGroup;
			children = (
				55A5837E2AE12F5200438049 /* Event creation */,
				552E86012AD47307006D5E86 /* Home */,
				552E85E12AD2DA3B006D5E86 /* Main menu */,
				552E86022AD47336006D5E86 /* ProfileView.swift */,
			);
			path = Screens;
			sourceTree = "<group>";
		};
		552E86012AD47307006D5E86 /* Home */ = {
			isa = PBXGroup;
			children = (
				552E85F92AD4428C006D5E86 /* DJHomeView.swift */,
			);
			path = Home;
			sourceTree = "<group>";
		};
		552E860A2AD4877B006D5E86 /* Helpers */ = {
			isa = PBXGroup;
			children = (
				552E860B2AD4878A006D5E86 /* Navigator.swift */,
			);
			path = Helpers;
			sourceTree = "<group>";
		};
		5584D3FB2AC18D9700BC61F6 = {
			isa = PBXGroup;
			children = (
				5584D4062AC18D9700BC61F6 /* DJBuddy */,
				55A583822AE130E800438049 /* Frameworks */,
				55A583852AE1317100438049 /* GooglePlaces.bundle */,
				5584D4052AC18D9700BC61F6 /* Products */,
			);
			sourceTree = "<group>";
		};
		5584D4052AC18D9700BC61F6 /* Products */ = {
			isa = PBXGroup;
			children = (
				5584D4042AC18D9700BC61F6 /* DJBuddy.app */,
			);
			name = Products;
			sourceTree = "<group>";
		};
		5584D4062AC18D9700BC61F6 /* DJBuddy */ = {
			isa = PBXGroup;
			children = (
				552E860A2AD4877B006D5E86 /* Helpers */,
				552E86002AD472CC006D5E86 /* Screens */,
				552E85E72AD2E737006D5E86 /* ViewModifiers */,
				552E85E42AD2E5F1006D5E86 /* Color */,
				5584D4282AC21B1B00BC61F6 /* Views */,
				5584D4232AC2127400BC61F6 /* Models */,
				5584D41C2AC1CB6800BC61F6 /* AuthScreens */,
				5584D41B2AC1CB5600BC61F6 /* ButtonStyles */,
				5584D4072AC18D9700BC61F6 /* DJBuddyApp.swift */,
				5584D40B2AC18D9900BC61F6 /* Assets.xcassets */,
				5584D40D2AC18D9900BC61F6 /* Preview Content */,
			);
			path = DJBuddy;
			sourceTree = "<group>";
		};
		5584D40D2AC18D9900BC61F6 /* Preview Content */ = {
			isa = PBXGroup;
			children = (
				5584D40E2AC18D9900BC61F6 /* Preview Assets.xcassets */,
			);
			path = "Preview Content";
			sourceTree = "<group>";
		};
		5584D41B2AC1CB5600BC61F6 /* ButtonStyles */ = {
			isa = PBXGroup;
			children = (
				5584D4172AC1ACCE00BC61F6 /* LargeProminentButtonStyle.swift */,
				5584D4192AC1AEB700BC61F6 /* LargeSecondaryButtonStyle.swift */,
				5584D41F2AC1DA0B00BC61F6 /* UnderlinedButtonStyle.swift */,
			);
			path = ButtonStyles;
			sourceTree = "<group>";
		};
		5584D41C2AC1CB6800BC61F6 /* AuthScreens */ = {
			isa = PBXGroup;
			children = (
				5584D4092AC18D9700BC61F6 /* WavyBackgroundView.swift */,
				5584D4152AC1A64800BC61F6 /* LandingView.swift */,
				5584D4262AC2132600BC61F6 /* AuthViewModel.swift */,
			);
			path = AuthScreens;
			sourceTree = "<group>";
		};
		5584D4232AC2127400BC61F6 /* Models */ = {
			isa = PBXGroup;
			children = (
				5584D4242AC2128800BC61F6 /* LandingPageEnum.swift */,
				556628912AC80B0D00BF14D3 /* UserTypeEnum.swift */,
				552E85EF2AD3F85C006D5E86 /* MenuButtonType.swift */,
				552E86082AD48634006D5E86 /* NavigationDestination.swift */,
			);
			path = Models;
			sourceTree = "<group>";
		};
		5584D4282AC21B1B00BC61F6 /* Views */ = {
			isa = PBXGroup;
			children = (
				552E85FD2AD45CF1006D5E86 /* TabView */,
				5584D4292AC21B2D00BC61F6 /* InputView.swift */,
				552E85EA2AD3EFF1006D5E86 /* EventListTile.swift */,
				552E85ED2AD3F78A006D5E86 /* SideMenu.swift */,
				552E85F12AD3FA4D006D5E86 /* MenuButton.swift */,
				552E85F72AD43776006D5E86 /* EventList.swift */,
				552E86042AD476C9006D5E86 /* CircleButton.swift */,
			);
			path = Views;
			sourceTree = "<group>";
		};
		55A5837E2AE12F5200438049 /* Event creation */ = {
			isa = PBXGroup;
			children = (
				55A5837C2AE12DDA00438049 /* CreateEventView.swift */,
				55A5837F2AE12F8D00438049 /* PlacesViewControllerBridge.swift */,
			);
			path = "Event creation";
			sourceTree = "<group>";
		};
		55A583822AE130E800438049 /* Frameworks */ = {
			isa = PBXGroup;
			children = (
				55A583912AE131CB00438049 /* UIKit.framework */,
				55A5838F2AE131C400438049 /* QuartzCore.framework */,
				55A5838D2AE131B900438049 /* libz.tbd */,
				55A5838B2AE131AD00438049 /* libc++.tbd */,
				55A583892AE1319D00438049 /* CoreLocation.framework */,
				55A583872AE1319400438049 /* CoreGraphics.framework */,
				55A583832AE1310500438049 /* GooglePlaces.xcframework */,
			);
			path = Frameworks;
			sourceTree = "<group>";
		};
/* End PBXGroup section */

/* Begin PBXNativeTarget section */
		5584D4032AC18D9700BC61F6 /* DJBuddy */ = {
			isa = PBXNativeTarget;
			buildConfigurationList = 5584D4122AC18D9900BC61F6 /* Build configuration list for PBXNativeTarget "DJBuddy" */;
			buildPhases = (
				5584D4002AC18D9700BC61F6 /* Sources */,
				5584D4012AC18D9700BC61F6 /* Frameworks */,
				5584D4022AC18D9700BC61F6 /* Resources */,
			);
			buildRules = (
			);
			dependencies = (
			);
			name = DJBuddy;
			productName = DJBuddy;
			productReference = 5584D4042AC18D9700BC61F6 /* DJBuddy.app */;
			productType = "com.apple.product-type.application";
		};
/* End PBXNativeTarget section */

/* Begin PBXProject section */
		5584D3FC2AC18D9700BC61F6 /* Project object */ = {
			isa = PBXProject;
			attributes = {
				BuildIndependentTargetsInParallel = 1;
				LastSwiftUpdateCheck = 1500;
				LastUpgradeCheck = 1500;
				TargetAttributes = {
					5584D4032AC18D9700BC61F6 = {
						CreatedOnToolsVersion = 15.0;
					};
				};
			};
			buildConfigurationList = 5584D3FF2AC18D9700BC61F6 /* Build configuration list for PBXProject "DJBuddy" */;
			compatibilityVersion = "Xcode 14.0";
			developmentRegion = en;
			hasScannedForEncodings = 0;
			knownRegions = (
				en,
				Base,
			);
			mainGroup = 5584D3FB2AC18D9700BC61F6;
			productRefGroup = 5584D4052AC18D9700BC61F6 /* Products */;
			projectDirPath = "";
			projectRoot = "";
			targets = (
				5584D4032AC18D9700BC61F6 /* DJBuddy */,
			);
		};
/* End PBXProject section */

/* Begin PBXResourcesBuildPhase section */
		5584D4022AC18D9700BC61F6 /* Resources */ = {
			isa = PBXResourcesBuildPhase;
			buildActionMask = 2147483647;
			files = (
				5584D40F2AC18D9900BC61F6 /* Preview Assets.xcassets in Resources */,
				55A583862AE1317100438049 /* GooglePlaces.bundle in Resources */,
				5584D40C2AC18D9900BC61F6 /* Assets.xcassets in Resources */,
			);
			runOnlyForDeploymentPostprocessing = 0;
		};
/* End PBXResourcesBuildPhase section */

/* Begin PBXSourcesBuildPhase section */
		5584D4002AC18D9700BC61F6 /* Sources */ = {
			isa = PBXSourcesBuildPhase;
			buildActionMask = 2147483647;
			files = (
				5584D4162AC1A64800BC61F6 /* LandingView.swift in Sources */,
				552E85FA2AD4428C006D5E86 /* DJHomeView.swift in Sources */,
				552E860C2AD4878A006D5E86 /* Navigator.swift in Sources */,
				5584D4252AC2128800BC61F6 /* LandingPageEnum.swift in Sources */,
				552E86052AD476C9006D5E86 /* CircleButton.swift in Sources */,
				552E85F02AD3F85C006D5E86 /* MenuButtonType.swift in Sources */,
				5584D41A2AC1AEB700BC61F6 /* LargeSecondaryButtonStyle.swift in Sources */,
				552E85F82AD43777006D5E86 /* EventList.swift in Sources */,
				5584D40A2AC18D9700BC61F6 /* WavyBackgroundView.swift in Sources */,
				5584D4272AC2132600BC61F6 /* AuthViewModel.swift in Sources */,
				55A583802AE12F8D00438049 /* PlacesViewControllerBridge.swift in Sources */,
				556628922AC80B0D00BF14D3 /* UserTypeEnum.swift in Sources */,
				552E85EB2AD3EFF1006D5E86 /* EventListTile.swift in Sources */,
				552E85F42AD3FAC9006D5E86 /* SideMenuModifier.swift in Sources */,
				55A5837D2AE12DDA00438049 /* CreateEventView.swift in Sources */,
				552E85FF2AD45D05006D5E86 /* TabViewSelector.swift in Sources */,
				552E85E32AD2E1FD006D5E86 /* DJMainMenu.swift in Sources */,
				552E85F22AD3FA4D006D5E86 /* MenuButton.swift in Sources */,
				552E86072AD47BD9006D5E86 /* NavigationBarModifier.swift in Sources */,
				5584D4182AC1ACCE00BC61F6 /* LargeProminentButtonStyle.swift in Sources */,
				5584D42A2AC21B2D00BC61F6 /* InputView.swift in Sources */,
				5584D4082AC18D9700BC61F6 /* DJBuddyApp.swift in Sources */,
				552E86032AD47336006D5E86 /* ProfileView.swift in Sources */,
				552E85E92AD2E745006D5E86 /* BackgroundColor.swift in Sources */,
				552E85EE2AD3F78A006D5E86 /* SideMenu.swift in Sources */,
				552E86092AD48634006D5E86 /* NavigationDestination.swift in Sources */,
				552E85FC2AD442F8006D5E86 /* HomeTabView.swift in Sources */,
				552E85E62AD2E605006D5E86 /* CustomColors.swift in Sources */,
				5584D4202AC1DA0B00BC61F6 /* UnderlinedButtonStyle.swift in Sources */,
			);
			runOnlyForDeploymentPostprocessing = 0;
		};
/* End PBXSourcesBuildPhase section */

/* Begin XCBuildConfiguration section */
		5584D4102AC18D9900BC61F6 /* Debug */ = {
			isa = XCBuildConfiguration;
			buildSettings = {
				ALWAYS_SEARCH_USER_PATHS = NO;
				ASSETCATALOG_COMPILER_GENERATE_SWIFT_ASSET_SYMBOL_EXTENSIONS = YES;
				CLANG_ANALYZER_NONNULL = YES;
				CLANG_ANALYZER_NUMBER_OBJECT_CONVERSION = YES_AGGRESSIVE;
				CLANG_CXX_LANGUAGE_STANDARD = "gnu++20";
				CLANG_ENABLE_MODULES = YES;
				CLANG_ENABLE_OBJC_ARC = YES;
				CLANG_ENABLE_OBJC_WEAK = YES;
				CLANG_WARN_BLOCK_CAPTURE_AUTORELEASING = YES;
				CLANG_WARN_BOOL_CONVERSION = YES;
				CLANG_WARN_COMMA = YES;
				CLANG_WARN_CONSTANT_CONVERSION = YES;
				CLANG_WARN_DEPRECATED_OBJC_IMPLEMENTATIONS = YES;
				CLANG_WARN_DIRECT_OBJC_ISA_USAGE = YES_ERROR;
				CLANG_WARN_DOCUMENTATION_COMMENTS = YES;
				CLANG_WARN_EMPTY_BODY = YES;
				CLANG_WARN_ENUM_CONVERSION = YES;
				CLANG_WARN_INFINITE_RECURSION = YES;
				CLANG_WARN_INT_CONVERSION = YES;
				CLANG_WARN_NON_LITERAL_NULL_CONVERSION = YES;
				CLANG_WARN_OBJC_IMPLICIT_RETAIN_SELF = YES;
				CLANG_WARN_OBJC_LITERAL_CONVERSION = YES;
				CLANG_WARN_OBJC_ROOT_CLASS = YES_ERROR;
				CLANG_WARN_QUOTED_INCLUDE_IN_FRAMEWORK_HEADER = YES;
				CLANG_WARN_RANGE_LOOP_ANALYSIS = YES;
				CLANG_WARN_STRICT_PROTOTYPES = YES;
				CLANG_WARN_SUSPICIOUS_MOVE = YES;
				CLANG_WARN_UNGUARDED_AVAILABILITY = YES_AGGRESSIVE;
				CLANG_WARN_UNREACHABLE_CODE = YES;
				CLANG_WARN__DUPLICATE_METHOD_MATCH = YES;
				COPY_PHASE_STRIP = NO;
				DEBUG_INFORMATION_FORMAT = dwarf;
				ENABLE_STRICT_OBJC_MSGSEND = YES;
				ENABLE_TESTABILITY = YES;
				ENABLE_USER_SCRIPT_SANDBOXING = YES;
				GCC_C_LANGUAGE_STANDARD = gnu17;
				GCC_DYNAMIC_NO_PIC = NO;
				GCC_NO_COMMON_BLOCKS = YES;
				GCC_OPTIMIZATION_LEVEL = 0;
				GCC_PREPROCESSOR_DEFINITIONS = (
					"DEBUG=1",
					"$(inherited)",
				);
				GCC_WARN_64_TO_32_BIT_CONVERSION = YES;
				GCC_WARN_ABOUT_RETURN_TYPE = YES_ERROR;
				GCC_WARN_UNDECLARED_SELECTOR = YES;
				GCC_WARN_UNINITIALIZED_AUTOS = YES_AGGRESSIVE;
				GCC_WARN_UNUSED_FUNCTION = YES;
				GCC_WARN_UNUSED_VARIABLE = YES;
				IPHONEOS_DEPLOYMENT_TARGET = 17.0;
				LOCALIZATION_PREFERS_STRING_CATALOGS = YES;
				MTL_ENABLE_DEBUG_INFO = INCLUDE_SOURCE;
				MTL_FAST_MATH = YES;
				ONLY_ACTIVE_ARCH = YES;
				OTHER_LDFLAGS = "-Objc";
				"OTHER_LDFLAGS[arch=*]" = "-Objc";
				SDKROOT = iphoneos;
				SWIFT_ACTIVE_COMPILATION_CONDITIONS = "DEBUG $(inherited)";
				SWIFT_OPTIMIZATION_LEVEL = "-Onone";
			};
			name = Debug;
		};
		5584D4112AC18D9900BC61F6 /* Release */ = {
			isa = XCBuildConfiguration;
			buildSettings = {
				ALWAYS_SEARCH_USER_PATHS = NO;
				ASSETCATALOG_COMPILER_GENERATE_SWIFT_ASSET_SYMBOL_EXTENSIONS = YES;
				CLANG_ANALYZER_NONNULL = YES;
				CLANG_ANALYZER_NUMBER_OBJECT_CONVERSION = YES_AGGRESSIVE;
				CLANG_CXX_LANGUAGE_STANDARD = "gnu++20";
				CLANG_ENABLE_MODULES = YES;
				CLANG_ENABLE_OBJC_ARC = YES;
				CLANG_ENABLE_OBJC_WEAK = YES;
				CLANG_WARN_BLOCK_CAPTURE_AUTORELEASING = YES;
				CLANG_WARN_BOOL_CONVERSION = YES;
				CLANG_WARN_COMMA = YES;
				CLANG_WARN_CONSTANT_CONVERSION = YES;
				CLANG_WARN_DEPRECATED_OBJC_IMPLEMENTATIONS = YES;
				CLANG_WARN_DIRECT_OBJC_ISA_USAGE = YES_ERROR;
				CLANG_WARN_DOCUMENTATION_COMMENTS = YES;
				CLANG_WARN_EMPTY_BODY = YES;
				CLANG_WARN_ENUM_CONVERSION = YES;
				CLANG_WARN_INFINITE_RECURSION = YES;
				CLANG_WARN_INT_CONVERSION = YES;
				CLANG_WARN_NON_LITERAL_NULL_CONVERSION = YES;
				CLANG_WARN_OBJC_IMPLICIT_RETAIN_SELF = YES;
				CLANG_WARN_OBJC_LITERAL_CONVERSION = YES;
				CLANG_WARN_OBJC_ROOT_CLASS = YES_ERROR;
				CLANG_WARN_QUOTED_INCLUDE_IN_FRAMEWORK_HEADER = YES;
				CLANG_WARN_RANGE_LOOP_ANALYSIS = YES;
				CLANG_WARN_STRICT_PROTOTYPES = YES;
				CLANG_WARN_SUSPICIOUS_MOVE = YES;
				CLANG_WARN_UNGUARDED_AVAILABILITY = YES_AGGRESSIVE;
				CLANG_WARN_UNREACHABLE_CODE = YES;
				CLANG_WARN__DUPLICATE_METHOD_MATCH = YES;
				COPY_PHASE_STRIP = NO;
				DEBUG_INFORMATION_FORMAT = "dwarf-with-dsym";
				ENABLE_NS_ASSERTIONS = NO;
				ENABLE_STRICT_OBJC_MSGSEND = YES;
				ENABLE_USER_SCRIPT_SANDBOXING = YES;
				GCC_C_LANGUAGE_STANDARD = gnu17;
				GCC_NO_COMMON_BLOCKS = YES;
				GCC_WARN_64_TO_32_BIT_CONVERSION = YES;
				GCC_WARN_ABOUT_RETURN_TYPE = YES_ERROR;
				GCC_WARN_UNDECLARED_SELECTOR = YES;
				GCC_WARN_UNINITIALIZED_AUTOS = YES_AGGRESSIVE;
				GCC_WARN_UNUSED_FUNCTION = YES;
				GCC_WARN_UNUSED_VARIABLE = YES;
				IPHONEOS_DEPLOYMENT_TARGET = 17.0;
				LOCALIZATION_PREFERS_STRING_CATALOGS = YES;
				MTL_ENABLE_DEBUG_INFO = NO;
				MTL_FAST_MATH = YES;
				OTHER_LDFLAGS = "-Objc";
				SDKROOT = iphoneos;
				SWIFT_COMPILATION_MODE = wholemodule;
				VALIDATE_PRODUCT = YES;
			};
			name = Release;
		};
		5584D4132AC18D9900BC61F6 /* Debug */ = {
			isa = XCBuildConfiguration;
			buildSettings = {
				ASSETCATALOG_COMPILER_APPICON_NAME = AppIcon;
				ASSETCATALOG_COMPILER_GLOBAL_ACCENT_COLOR_NAME = AccentColor;
				CODE_SIGN_STYLE = Automatic;
				CURRENT_PROJECT_VERSION = 1;
				DEVELOPMENT_ASSET_PATHS = "\"DJBuddy/Preview Content\"";
				DEVELOPMENT_TEAM = 85XVJT6RC3;
				ENABLE_PREVIEWS = YES;
				GENERATE_INFOPLIST_FILE = YES;
				INFOPLIST_KEY_UIApplicationSceneManifest_Generation = YES;
				INFOPLIST_KEY_UIApplicationSupportsIndirectInputEvents = YES;
				INFOPLIST_KEY_UILaunchScreen_Generation = YES;
				INFOPLIST_KEY_UISupportedInterfaceOrientations_iPad = "UIInterfaceOrientationPortrait UIInterfaceOrientationPortraitUpsideDown UIInterfaceOrientationLandscapeLeft UIInterfaceOrientationLandscapeRight";
				INFOPLIST_KEY_UISupportedInterfaceOrientations_iPhone = "UIInterfaceOrientationPortrait UIInterfaceOrientationLandscapeLeft UIInterfaceOrientationLandscapeRight";
				LD_RUNPATH_SEARCH_PATHS = (
					"$(inherited)",
					"@executable_path/Frameworks",
				);
				MARKETING_VERSION = 1.0;
				PRODUCT_BUNDLE_IDENTIFIER = tomi.projects.DJBuddy;
				PRODUCT_NAME = "$(TARGET_NAME)";
				SWIFT_EMIT_LOC_STRINGS = YES;
				SWIFT_VERSION = 5.0;
				TARGETED_DEVICE_FAMILY = "1,2";
			};
			name = Debug;
		};
		5584D4142AC18D9900BC61F6 /* Release */ = {
			isa = XCBuildConfiguration;
			buildSettings = {
				ASSETCATALOG_COMPILER_APPICON_NAME = AppIcon;
				ASSETCATALOG_COMPILER_GLOBAL_ACCENT_COLOR_NAME = AccentColor;
				CODE_SIGN_STYLE = Automatic;
				CURRENT_PROJECT_VERSION = 1;
				DEVELOPMENT_ASSET_PATHS = "\"DJBuddy/Preview Content\"";
				DEVELOPMENT_TEAM = 85XVJT6RC3;
				ENABLE_PREVIEWS = YES;
				GENERATE_INFOPLIST_FILE = YES;
				INFOPLIST_KEY_UIApplicationSceneManifest_Generation = YES;
				INFOPLIST_KEY_UIApplicationSupportsIndirectInputEvents = YES;
				INFOPLIST_KEY_UILaunchScreen_Generation = YES;
				INFOPLIST_KEY_UISupportedInterfaceOrientations_iPad = "UIInterfaceOrientationPortrait UIInterfaceOrientationPortraitUpsideDown UIInterfaceOrientationLandscapeLeft UIInterfaceOrientationLandscapeRight";
				INFOPLIST_KEY_UISupportedInterfaceOrientations_iPhone = "UIInterfaceOrientationPortrait UIInterfaceOrientationLandscapeLeft UIInterfaceOrientationLandscapeRight";
				LD_RUNPATH_SEARCH_PATHS = (
					"$(inherited)",
					"@executable_path/Frameworks",
				);
				MARKETING_VERSION = 1.0;
				PRODUCT_BUNDLE_IDENTIFIER = tomi.projects.DJBuddy;
				PRODUCT_NAME = "$(TARGET_NAME)";
				SWIFT_EMIT_LOC_STRINGS = YES;
				SWIFT_VERSION = 5.0;
				TARGETED_DEVICE_FAMILY = "1,2";
			};
			name = Release;
		};
/* End XCBuildConfiguration section */

/* Begin XCConfigurationList section */
		5584D3FF2AC18D9700BC61F6 /* Build configuration list for PBXProject "DJBuddy" */ = {
			isa = XCConfigurationList;
			buildConfigurations = (
				5584D4102AC18D9900BC61F6 /* Debug */,
				5584D4112AC18D9900BC61F6 /* Release */,
			);
			defaultConfigurationIsVisible = 0;
			defaultConfigurationName = Release;
		};
		5584D4122AC18D9900BC61F6 /* Build configuration list for PBXNativeTarget "DJBuddy" */ = {
			isa = XCConfigurationList;
			buildConfigurations = (
				5584D4132AC18D9900BC61F6 /* Debug */,
				5584D4142AC18D9900BC61F6 /* Release */,
			);
			defaultConfigurationIsVisible = 0;
			defaultConfigurationName = Release;
		};
/* End XCConfigurationList section */
	};
	rootObject = 5584D3FC2AC18D9700BC61F6 /* Project object */;
}
